
Microsoft Visual Studio Solution File, Format Version 10.00
# Visual C++ Express 2008
Project("{8BC9CEB8-8B4A-11D0-8D11-00A0C91BC942}") = "cntraining", "training\cntraining.vcproj", "{1AC769A4-E98E-48B9-B87B-90D7837031FA}"
	ProjectSection(ProjectDependencies) = postProject
		{0BDEFC56-679F-436E-A089-81FCAEBA50F3} = {0BDEFC56-679F-436E-A089-81FCAEBA50F3}
		{2C106C68-62EE-43D2-B372-3BDFF6125AD1} = {2C106C68-62EE-43D2-B372-3BDFF6125AD1}
		{CE11FF6E-60D3-4E61-AFE2-F8F501100238} = {CE11FF6E-60D3-4E61-AFE2-F8F501100238}
		{DF2FA86F-A663-4805-AED7-2F81D9EAC796} = {DF2FA86F-A663-4805-AED7-2F81D9EAC796}
		{C7C7FBB5-7082-428C-8F81-8FBA7A37AC85} = {C7C7FBB5-7082-428C-8F81-8FBA7A37AC85}
		{1D62F8BB-31D7-4BBF-A4DA-619A29675D06} = {1D62F8BB-31D7-4BBF-A4DA-619A29675D06}
		{D67B17CC-4AE5-4356-91F6-00E265942A56} = {D67B17CC-4AE5-4356-91F6-00E265942A56}
	EndProjectSection
EndProject
Project("{8BC9CEB8-8B4A-11D0-8D11-00A0C91BC942}") = "dlltest", "dlltest\dlltest.vcproj", "{F8B1406B-1643-4402-B07A-8ADD9A52C01E}"
	ProjectSection(ProjectDependencies) = postProject
		{DF2FA86F-A663-4805-AED7-2F81D9EAC796} = {DF2FA86F-A663-4805-AED7-2F81D9EAC796}
		{CB522274-3353-41AE-A700-F365FC79DEDD} = {CB522274-3353-41AE-A700-F365FC79DEDD}
	EndProjectSection
EndProject
Project("{8BC9CEB8-8B4A-11D0-8D11-00A0C91BC942}") = "mftraining", "training\mftraining.vcproj", "{EC8A9E75-C66E-4320-9D91-97F53ED7021B}"
	ProjectSection(ProjectDependencies) = postProject
		{0BDEFC56-679F-436E-A089-81FCAEBA50F3} = {0BDEFC56-679F-436E-A089-81FCAEBA50F3}
		{2C106C68-62EE-43D2-B372-3BDFF6125AD1} = {2C106C68-62EE-43D2-B372-3BDFF6125AD1}
		{CE11FF6E-60D3-4E61-AFE2-F8F501100238} = {CE11FF6E-60D3-4E61-AFE2-F8F501100238}
		{DF2FA86F-A663-4805-AED7-2F81D9EAC796} = {DF2FA86F-A663-4805-AED7-2F81D9EAC796}
		{C7C7FBB5-7082-428C-8F81-8FBA7A37AC85} = {C7C7FBB5-7082-428C-8F81-8FBA7A37AC85}
		{1D62F8BB-31D7-4BBF-A4DA-619A29675D06} = {1D62F8BB-31D7-4BBF-A4DA-619A29675D06}
		{D67B17CC-4AE5-4356-91F6-00E265942A56} = {D67B17CC-4AE5-4356-91F6-00E265942A56}
	EndProjectSection
EndProject
Project("{8BC9CEB8-8B4A-11D0-8D11-00A0C91BC942}") = "tessdll", "tessdll.vcproj", "{CB522274-3353-41AE-A700-F365FC79DEDD}"
	ProjectSection(ProjectDependencies) = postProject
		{EFE93017-B435-46EA-9199-1C83A869595A} = {EFE93017-B435-46EA-9199-1C83A869595A}
		{C2342D39-FD84-4448-A050-7FF3B4A33F3D} = {C2342D39-FD84-4448-A050-7FF3B4A33F3D}
		{0BDEFC56-679F-436E-A089-81FCAEBA50F3} = {0BDEFC56-679F-436E-A089-81FCAEBA50F3}
		{2C106C68-62EE-43D2-B372-3BDFF6125AD1} = {2C106C68-62EE-43D2-B372-3BDFF6125AD1}
		{CE11FF6E-60D3-4E61-AFE2-F8F501100238} = {CE11FF6E-60D3-4E61-AFE2-F8F501100238}
		{DF2FA86F-A663-4805-AED7-2F81D9EAC796} = {DF2FA86F-A663-4805-AED7-2F81D9EAC796}
		{D5C6C872-4561-452D-BCFA-EF9441F95309} = {D5C6C872-4561-452D-BCFA-EF9441F95309}
		{C7C7FBB5-7082-428C-8F81-8FBA7A37AC85} = {C7C7FBB5-7082-428C-8F81-8FBA7A37AC85}
		{1D62F8BB-31D7-4BBF-A4DA-619A29675D06} = {1D62F8BB-31D7-4BBF-A4DA-619A29675D06}
		{D67B17CC-4AE5-4356-91F6-00E265942A56} = {D67B17CC-4AE5-4356-91F6-00E265942A56}
	EndProjectSection
EndProject
Project("{8BC9CEB8-8B4A-11D0-8D11-00A0C91BC942}") = "tesseract", "tesseract.vcproj", "{47519557-3296-407A-BE51-8175C77B0868}"
	ProjectSection(ProjectDependencies) = postProject
		{EFE93017-B435-46EA-9199-1C83A869595A} = {EFE93017-B435-46EA-9199-1C83A869595A}
		{C2342D39-FD84-4448-A050-7FF3B4A33F3D} = {C2342D39-FD84-4448-A050-7FF3B4A33F3D}
		{0BDEFC56-679F-436E-A089-81FCAEBA50F3} = {0BDEFC56-679F-436E-A089-81FCAEBA50F3}
		{2C106C68-62EE-43D2-B372-3BDFF6125AD1} = {2C106C68-62EE-43D2-B372-3BDFF6125AD1}
		{CE11FF6E-60D3-4E61-AFE2-F8F501100238} = {CE11FF6E-60D3-4E61-AFE2-F8F501100238}
		{DF2FA86F-A663-4805-AED7-2F81D9EAC796} = {DF2FA86F-A663-4805-AED7-2F81D9EAC796}
		{D5C6C872-4561-452D-BCFA-EF9441F95309} = {D5C6C872-4561-452D-BCFA-EF9441F95309}
		{C7C7FBB5-7082-428C-8F81-8FBA7A37AC85} = {C7C7FBB5-7082-428C-8F81-8FBA7A37AC85}
		{1D62F8BB-31D7-4BBF-A4DA-619A29675D06} = {1D62F8BB-31D7-4BBF-A4DA-619A29675D06}
		{D67B17CC-4AE5-4356-91F6-00E265942A56} = {D67B17CC-4AE5-4356-91F6-00E265942A56}
	EndProjectSection
EndProject
Project("{8BC9CEB8-8B4A-11D0-8D11-00A0C91BC942}") = "unicharset_extractor", "training\unicharset_extractor.vcproj", "{06878883-8785-4C71-89B6-47CEDA3CD300}"
	ProjectSection(ProjectDependencies) = postProject
		{DF2FA86F-A663-4805-AED7-2F81D9EAC796} = {DF2FA86F-A663-4805-AED7-2F81D9EAC796}
	EndProjectSection
EndProject
Project("{8BC9CEB8-8B4A-11D0-8D11-00A0C91BC942}") = "wordlist2dawg", "training\wordlist2dawg.vcproj", "{5B6DC93B-30BE-4E8E-A396-3970A83CB74B}"
	ProjectSection(ProjectDependencies) = postProject
		{0BDEFC56-679F-436E-A089-81FCAEBA50F3} = {0BDEFC56-679F-436E-A089-81FCAEBA50F3}
		{2C106C68-62EE-43D2-B372-3BDFF6125AD1} = {2C106C68-62EE-43D2-B372-3BDFF6125AD1}
		{CE11FF6E-60D3-4E61-AFE2-F8F501100238} = {CE11FF6E-60D3-4E61-AFE2-F8F501100238}
		{DF2FA86F-A663-4805-AED7-2F81D9EAC796} = {DF2FA86F-A663-4805-AED7-2F81D9EAC796}
		{C7C7FBB5-7082-428C-8F81-8FBA7A37AC85} = {C7C7FBB5-7082-428C-8F81-8FBA7A37AC85}
		{1D62F8BB-31D7-4BBF-A4DA-619A29675D06} = {1D62F8BB-31D7-4BBF-A4DA-619A29675D06}
		{D67B17CC-4AE5-4356-91F6-00E265942A56} = {D67B17CC-4AE5-4356-91F6-00E265942A56}
	EndProjectSection
EndProject
Project("{8BC9CEB8-8B4A-11D0-8D11-00A0C91BC942}") = "ccutil", "ccutil\ccutil.vcproj", "{DF2FA86F-A663-4805-AED7-2F81D9EAC796}"
EndProject
Project("{8BC9CEB8-8B4A-11D0-8D11-00A0C91BC942}") = "viewer", "viewer\viewer.vcproj", "{CE11FF6E-60D3-4E61-AFE2-F8F501100238}"
EndProject
Project("{8BC9CEB8-8B4A-11D0-8D11-00A0C91BC942}") = "cutil", "cutil\cutil.vcproj", "{0BDEFC56-679F-436E-A089-81FCAEBA50F3}"
EndProject
Project("{8BC9CEB8-8B4A-11D0-8D11-00A0C91BC942}") = "image", "image\image.vcproj", "{2C106C68-62EE-43D2-B372-3BDFF6125AD1}"
EndProject
Project("{8BC9CEB8-8B4A-11D0-8D11-00A0C91BC942}") = "ccstruct", "ccstruct\ccstruct.vcproj", "{1D62F8BB-31D7-4BBF-A4DA-619A29675D06}"
EndProject
Project("{8BC9CEB8-8B4A-11D0-8D11-00A0C91BC942}") = "dict", "dict\dict.vcproj", "{D67B17CC-4AE5-4356-91F6-00E265942A56}"
EndProject
Project("{8BC9CEB8-8B4A-11D0-8D11-00A0C91BC942}") = "classify", "classify\classify.vcproj", "{C7C7FBB5-7082-428C-8F81-8FBA7A37AC85}"
EndProject
Project("{8BC9CEB8-8B4A-11D0-8D11-00A0C91BC942}") = "wordrec", "wordrec\wordrec.vcproj", "{C2342D39-FD84-4448-A050-7FF3B4A33F3D}"
EndProject
Project("{8BC9CEB8-8B4A-11D0-8D11-00A0C91BC942}") = "textord", "textord\textord.vcproj", "{D5C6C872-4561-452D-BCFA-EF9441F95309}"
EndProject
Project("{8BC9CEB8-8B4A-11D0-8D11-00A0C91BC942}") = "ccmain", "ccmain\ccmain.vcproj", "{EFE93017-B435-46EA-9199-1C83A869595A}"
EndProject
Global
	GlobalSection(SolutionConfigurationPlatforms) = preSolution
		Debug|Win32 = Debug|Win32
		Release|Win32 = Release|Win32
	EndGlobalSection
	GlobalSection(ProjectConfigurationPlatforms) = postSolution
		{1AC769A4-E98E-48B9-B87B-90D7837031FA}.Debug|Win32.ActiveCfg = Debug|Win32
		{1AC769A4-E98E-48B9-B87B-90D7837031FA}.Debug|Win32.Build.0 = Debug|Win32
		{1AC769A4-E98E-48B9-B87B-90D7837031FA}.Release|Win32.ActiveCfg = Release|Win32
		{1AC769A4-E98E-48B9-B87B-90D7837031FA}.Release|Win32.Build.0 = Release|Win32
		{F8B1406B-1643-4402-B07A-8ADD9A52C01E}.Debug|Win32.ActiveCfg = Debug|Win32
		{F8B1406B-1643-4402-B07A-8ADD9A52C01E}.Debug|Win32.Build.0 = Debug|Win32
		{F8B1406B-1643-4402-B07A-8ADD9A52C01E}.Release|Win32.ActiveCfg = Release|Win32
		{F8B1406B-1643-4402-B07A-8ADD9A52C01E}.Release|Win32.Build.0 = Release|Win32
		{EC8A9E75-C66E-4320-9D91-97F53ED7021B}.Debug|Win32.ActiveCfg = Debug|Win32
		{EC8A9E75-C66E-4320-9D91-97F53ED7021B}.Debug|Win32.Build.0 = Debug|Win32
		{EC8A9E75-C66E-4320-9D91-97F53ED7021B}.Release|Win32.ActiveCfg = Release|Win32
		{EC8A9E75-C66E-4320-9D91-97F53ED7021B}.Release|Win32.Build.0 = Release|Win32
		{CB522274-3353-41AE-A700-F365FC79DEDD}.Debug|Win32.ActiveCfg = Debug|Win32
		{CB522274-3353-41AE-A700-F365FC79DEDD}.Debug|Win32.Build.0 = Debug|Win32
		{CB522274-3353-41AE-A700-F365FC79DEDD}.Release|Win32.ActiveCfg = Release|Win32
		{CB522274-3353-41AE-A700-F365FC79DEDD}.Release|Win32.Build.0 = Release|Win32
		{47519557-3296-407A-BE51-8175C77B0868}.Debug|Win32.ActiveCfg = Debug|Win32
		{47519557-3296-407A-BE51-8175C77B0868}.Debug|Win32.Build.0 = Debug|Win32
		{47519557-3296-407A-BE51-8175C77B0868}.Release|Win32.ActiveCfg = Release|Win32
		{47519557-3296-407A-BE51-8175C77B0868}.Release|Win32.Build.0 = Release|Win32
		{06878883-8785-4C71-89B6-47CEDA3CD300}.Debug|Win32.ActiveCfg = Debug|Win32
		{06878883-8785-4C71-89B6-47CEDA3CD300}.Debug|Win32.Build.0 = Debug|Win32
		{06878883-8785-4C71-89B6-47CEDA3CD300}.Release|Win32.ActiveCfg = Release|Win32
		{06878883-8785-4C71-89B6-47CEDA3CD300}.Release|Win32.Build.0 = Release|Win32
		{5B6DC93B-30BE-4E8E-A396-3970A83CB74B}.Debug|Win32.ActiveCfg = Debug|Win32
		{5B6DC93B-30BE-4E8E-A396-3970A83CB74B}.Debug|Win32.Build.0 = Debug|Win32
		{5B6DC93B-30BE-4E8E-A396-3970A83CB74B}.Release|Win32.ActiveCfg = Release|Win32
		{5B6DC93B-30BE-4E8E-A396-3970A83CB74B}.Release|Win32.Build.0 = Release|Win32
		{DF2FA86F-A663-4805-AED7-2F81D9EAC796}.Debug|Win32.ActiveCfg = Debug|Win32
		{DF2FA86F-A663-4805-AED7-2F81D9EAC796}.Debug|Win32.Build.0 = Debug|Win32
		{DF2FA86F-A663-4805-AED7-2F81D9EAC796}.Release|Win32.ActiveCfg = Release|Win32
		{DF2FA86F-A663-4805-AED7-2F81D9EAC796}.Release|Win32.Build.0 = Release|Win32
		{CE11FF6E-60D3-4E61-AFE2-F8F501100238}.Debug|Win32.ActiveCfg = Debug|Win32
		{CE11FF6E-60D3-4E61-AFE2-F8F501100238}.Debug|Win32.Build.0 = Debug|Win32
		{CE11FF6E-60D3-4E61-AFE2-F8F501100238}.Release|Win32.ActiveCfg = Release|Win32
		{CE11FF6E-60D3-4E61-AFE2-F8F501100238}.Release|Win32.Build.0 = Release|Win32
		{0BDEFC56-679F-436E-A089-81FCAEBA50F3}.Debug|Win32.ActiveCfg = Debug|Win32
		{0BDEFC56-679F-436E-A089-81FCAEBA50F3}.Debug|Win32.Build.0 = Debug|Win32
		{0BDEFC56-679F-436E-A089-81FCAEBA50F3}.Release|Win32.ActiveCfg = Release|Win32
		{0BDEFC56-679F-436E-A089-81FCAEBA50F3}.Release|Win32.Build.0 = Release|Win32
		{2C106C68-62EE-43D2-B372-3BDFF6125AD1}.Debug|Win32.ActiveCfg = Debug|Win32
		{2C106C68-62EE-43D2-B372-3BDFF6125AD1}.Debug|Win32.Build.0 = Debug|Win32
		{2C106C68-62EE-43D2-B372-3BDFF6125AD1}.Release|Win32.ActiveCfg = Release|Win32
		{2C106C68-62EE-43D2-B372-3BDFF6125AD1}.Release|Win32.Build.0 = Release|Win32
		{1D62F8BB-31D7-4BBF-A4DA-619A29675D06}.Debug|Win32.ActiveCfg = Debug|Win32
		{1D62F8BB-31D7-4BBF-A4DA-619A29675D06}.Debug|Win32.Build.0 = Debug|Win32
		{1D62F8BB-31D7-4BBF-A4DA-619A29675D06}.Release|Win32.ActiveCfg = Release|Win32
		{1D62F8BB-31D7-4BBF-A4DA-619A29675D06}.Release|Win32.Build.0 = Release|Win32
		{D67B17CC-4AE5-4356-91F6-00E265942A56}.Debug|Win32.ActiveCfg = Debug|Win32
		{D67B17CC-4AE5-4356-91F6-00E265942A56}.Debug|Win32.Build.0 = Debug|Win32
		{D67B17CC-4AE5-4356-91F6-00E265942A56}.Release|Win32.ActiveCfg = Release|Win32
		{D67B17CC-4AE5-4356-91F6-00E265942A56}.Release|Win32.Build.0 = Release|Win32
		{C7C7FBB5-7082-428C-8F81-8FBA7A37AC85}.Debug|Win32.ActiveCfg = Debug|Win32
		{C7C7FBB5-7082-428C-8F81-8FBA7A37AC85}.Debug|Win32.Build.0 = Debug|Win32
		{C7C7FBB5-7082-428C-8F81-8FBA7A37AC85}.Release|Win32.ActiveCfg = Release|Win32
		{C7C7FBB5-7082-428C-8F81-8FBA7A37AC85}.Release|Win32.Build.0 = Release|Win32
		{C2342D39-FD84-4448-A050-7FF3B4A33F3D}.Debug|Win32.ActiveCfg = Debug|Win32
		{C2342D39-FD84-4448-A050-7FF3B4A33F3D}.Debug|Win32.Build.0 = Debug|Win32
		{C2342D39-FD84-4448-A050-7FF3B4A33F3D}.Release|Win32.ActiveCfg = Release|Win32
		{C2342D39-FD84-4448-A050-7FF3B4A33F3D}.Release|Win32.Build.0 = Release|Win32
		{D5C6C872-4561-452D-BCFA-EF9441F95309}.Debug|Win32.ActiveCfg = Debug|Win32
		{D5C6C872-4561-452D-BCFA-EF9441F95309}.Debug|Win32.Build.0 = Debug|Win32
		{D5C6C872-4561-452D-BCFA-EF9441F95309}.Release|Win32.ActiveCfg = Release|Win32
		{D5C6C872-4561-452D-BCFA-EF9441F95309}.Release|Win32.Build.0 = Release|Win32
		{EFE93017-B435-46EA-9199-1C83A869595A}.Debug|Win32.ActiveCfg = Debug|Win32
		{EFE93017-B435-46EA-9199-1C83A869595A}.Debug|Win32.Build.0 = Debug|Win32
		{EFE93017-B435-46EA-9199-1C83A869595A}.Release|Win32.ActiveCfg = Release|Win32
		{EFE93017-B435-46EA-9199-1C83A869595A}.Release|Win32.Build.0 = Release|Win32
	EndGlobalSection
	GlobalSection(SolutionProperties) = preSolution
		HideSolutionNode = FALSE
	EndGlobalSection
EndGlobal
