<?xml version="1.0" encoding="utf-8"?>
<Project ToolsVersion="4.0" xmlns="http://schemas.microsoft.com/developer/msbuild/2003">
  <ItemGroup>
    <Filter Include="Source Files">
      <UniqueIdentifier>{4FC737F1-C7A5-4376-A066-2A32D752A2FF}</UniqueIdentifier>
      <Extensions>cpp;c;cc;cxx;def;odl;idl;hpj;bat;asm;asmx</Extensions>
    </Filter>
    <Filter Include="Header Files">
      <UniqueIdentifier>{93995380-89BD-4b04-88EB-625FBE52EBFB}</UniqueIdentifier>
      <Extensions>h;hpp;hxx;hm;inl;inc;xsd</Extensions>
    </Filter>
    <Filter Include="Resource Files">
      <UniqueIdentifier>{67DA6AB6-F800-4c08-8B7A-83BB121AAD01}</UniqueIdentifier>
      <Extensions>rc;ico;cur;bmp;dlg;rc2;rct;bin;rgs;gif;jpg;jpeg;jpe;resx;tiff;tif;png;wav;mfcribbon-ms</Extensions>
    </Filter>
  </ItemGroup>
  <ItemGroup>
    <ClInclude Include="..\ccstruct\blckerr.h">
      <Filter>Header Files</Filter>
    </ClInclude>
    <ClInclude Include="..\ccstruct\blobbox.h">
      <Filter>Header Files</Filter>
    </ClInclude>
    <ClInclude Include="..\ccstruct\blobs.h">
      <Filter>Header Files</Filter>
    </ClInclude>
    <ClInclude Include="..\ccstruct\blread.h">
      <Filter>Header Files</Filter>
    </ClInclude>
    <ClInclude Include="..\ccstruct\boxword.h">
      <Filter>Header Files</Filter>
    </ClInclude>
    <ClInclude Include="..\ccstruct\ccstruct.h">
      <Filter>Header Files</Filter>
    </ClInclude>
    <ClInclude Include="..\ccstruct\coutln.h">
      <Filter>Header Files</Filter>
    </ClInclude>
    <ClInclude Include="..\ccstruct\crakedge.h">
      <Filter>Header Files</Filter>
    </ClInclude>
    <ClInclude Include="..\ccstruct\detlinefit.h">
      <Filter>Header Files</Filter>
    </ClInclude>
    <ClInclude Include="..\ccstruct\dppoint.h">
      <Filter>Header Files</Filter>
    </ClInclude>
    <ClInclude Include="..\ccstruct\genblob.h">
      <Filter>Header Files</Filter>
    </ClInclude>
    <ClInclude Include="..\ccstruct\hpddef.h">
      <Filter>Header Files</Filter>
    </ClInclude>
    <ClInclude Include="..\ccstruct\hpdsizes.h">
      <Filter>Header Files</Filter>
    </ClInclude>
    <ClInclude Include="..\ccstruct\ipoints.h">
      <Filter>Header Files</Filter>
    </ClInclude>
    <ClInclude Include="..\ccstruct\linlsq.h">
      <Filter>Header Files</Filter>
    </ClInclude>
    <ClInclude Include="..\ccstruct\matrix.h">
      <Filter>Header Files</Filter>
    </ClInclude>
    <ClInclude Include="..\ccstruct\mod128.h">
      <Filter>Header Files</Filter>
    </ClInclude>
    <ClInclude Include="..\ccstruct\normalis.h">
      <Filter>Header Files</Filter>
    </ClInclude>
    <ClInclude Include="..\ccstruct\ocrblock.h">
      <Filter>Header Files</Filter>
    </ClInclude>
    <ClInclude Include="..\ccstruct\ocrrow.h">
      <Filter>Header Files</Filter>
    </ClInclude>
    <ClInclude Include="..\ccstruct\otsuthr.h">
      <Filter>Header Files</Filter>
    </ClInclude>
    <ClInclude Include="..\ccstruct\pageres.h">
      <Filter>Header Files</Filter>
    </ClInclude>
    <ClInclude Include="..\ccstruct\pdblock.h">
      <Filter>Header Files</Filter>
    </ClInclude>
    <ClInclude Include="..\ccstruct\points.h">
      <Filter>Header Files</Filter>
    </ClInclude>
    <ClInclude Include="..\ccstruct\polyaprx.h">
      <Filter>Header Files</Filter>
    </ClInclude>
    <ClInclude Include="..\ccstruct\polyblk.h">
      <Filter>Header Files</Filter>
    </ClInclude>
    <ClInclude Include="..\ccstruct\publictypes.h">
      <Filter>Header Files</Filter>
    </ClInclude>
    <ClInclude Include="..\ccstruct\quadlsq.h">
      <Filter>Header Files</Filter>
    </ClInclude>
    <ClInclude Include="..\ccstruct\quadratc.h">
      <Filter>Header Files</Filter>
    </ClInclude>
    <ClInclude Include="..\ccstruct\quspline.h">
      <Filter>Header Files</Filter>
    </ClInclude>
    <ClInclude Include="..\ccstruct\ratngs.h">
      <Filter>Header Files</Filter>
    </ClInclude>
    <ClInclude Include="..\ccstruct\rect.h">
      <Filter>Header Files</Filter>
    </ClInclude>
    <ClInclude Include="..\ccstruct\rejctmap.h">
      <Filter>Header Files</Filter>
    </ClInclude>
    <ClInclude Include="..\ccstruct\seam.h">
      <Filter>Header Files</Filter>
    </ClInclude>
    <ClInclude Include="..\ccstruct\split.h">
      <Filter>Header Files</Filter>
    </ClInclude>
    <ClInclude Include="..\ccstruct\statistc.h">
      <Filter>Header Files</Filter>
    </ClInclude>
    <ClInclude Include="..\ccstruct\stepblob.h">
      <Filter>Header Files</Filter>
    </ClInclude>
    <ClInclude Include="..\ccstruct\vecfuncs.h">
      <Filter>Header Files</Filter>
    </ClInclude>
    <ClInclude Include="..\ccstruct\werd.h">
      <Filter>Header Files</Filter>
    </ClInclude>
  </ItemGroup>
  <ItemGroup>
    <ClCompile Include="..\ccstruct\werd.cpp">
      <Filter>Source Files</Filter>
    </ClCompile>
    <ClCompile Include="..\ccstruct\vecfuncs.cpp">
      <Filter>Source Files</Filter>
    </ClCompile>
    <ClCompile Include="..\ccstruct\stepblob.cpp">
      <Filter>Source Files</Filter>
    </ClCompile>
    <ClCompile Include="..\ccstruct\statistc.cpp">
      <Filter>Source Files</Filter>
    </ClCompile>
    <ClCompile Include="..\ccstruct\split.cpp">
      <Filter>Source Files</Filter>
    </ClCompile>
    <ClCompile Include="..\ccstruct\seam.cpp">
      <Filter>Source Files</Filter>
    </ClCompile>
    <ClCompile Include="..\ccstruct\rejctmap.cpp">
      <Filter>Source Files</Filter>
    </ClCompile>
    <ClCompile Include="..\ccstruct\rect.cpp">
      <Filter>Source Files</Filter>
    </ClCompile>
    <ClCompile Include="..\ccstruct\ratngs.cpp">
      <Filter>Source Files</Filter>
    </ClCompile>
    <ClCompile Include="..\ccstruct\quspline.cpp">
      <Filter>Source Files</Filter>
    </ClCompile>
    <ClCompile Include="..\ccstruct\quadratc.cpp">
      <Filter>Source Files</Filter>
    </ClCompile>
    <ClCompile Include="..\ccstruct\quadlsq.cpp">
      <Filter>Source Files</Filter>
    </ClCompile>
    <ClCompile Include="..\ccstruct\publictypes.cpp">
      <Filter>Source Files</Filter>
    </ClCompile>
    <ClCompile Include="..\ccstruct\polyblk.cpp">
      <Filter>Source Files</Filter>
    </ClCompile>
    <ClCompile Include="..\ccstruct\polyaprx.cpp">
      <Filter>Source Files</Filter>
    </ClCompile>
    <ClCompile Include="..\ccstruct\points.cpp">
      <Filter>Source Files</Filter>
    </ClCompile>
    <ClCompile Include="..\ccstruct\pdblock.cpp">
      <Filter>Source Files</Filter>
    </ClCompile>
    <ClCompile Include="..\ccstruct\pageres.cpp">
      <Filter>Source Files</Filter>
    </ClCompile>
    <ClCompile Include="..\ccstruct\otsuthr.cpp">
      <Filter>Source Files</Filter>
    </ClCompile>
    <ClCompile Include="..\ccstruct\ocrrow.cpp">
      <Filter>Source Files</Filter>
    </ClCompile>
    <ClCompile Include="..\ccstruct\ocrblock.cpp">
      <Filter>Source Files</Filter>
    </ClCompile>
    <ClCompile Include="..\ccstruct\normalis.cpp">
      <Filter>Source Files</Filter>
    </ClCompile>
    <ClCompile Include="..\ccstruct\mod128.cpp">
      <Filter>Source Files</Filter>
    </ClCompile>
    <ClCompile Include="..\ccstruct\matrix.cpp">
      <Filter>Source Files</Filter>
    </ClCompile>
    <ClCompile Include="..\ccstruct\linlsq.cpp">
      <Filter>Source Files</Filter>
    </ClCompile>
    <ClCompile Include="..\ccstruct\genblob.cpp">
      <Filter>Source Files</Filter>
    </ClCompile>
    <ClCompile Include="..\ccstruct\dppoint.cpp">
      <Filter>Source Files</Filter>
    </ClCompile>
    <ClCompile Include="..\ccstruct\detlinefit.cpp">
      <Filter>Source Files</Filter>
    </ClCompile>
    <ClCompile Include="..\ccstruct\coutln.cpp">
      <Filter>Source Files</Filter>
    </ClCompile>
    <ClCompile Include="..\ccstruct\ccstruct.cpp">
      <Filter>Source Files</Filter>
    </ClCompile>
    <ClCompile Include="..\ccstruct\callcpp.cpp">
      <Filter>Source Files</Filter>
    </ClCompile>
    <ClCompile Include="..\ccstruct\boxword.cpp">
      <Filter>Source Files</Filter>
    </ClCompile>
    <ClCompile Include="..\ccstruct\blread.cpp">
      <Filter>Source Files</Filter>
    </ClCompile>
    <ClCompile Include="..\ccstruct\blobs.cpp">
      <Filter>Source Files</Filter>
    </ClCompile>
    <ClCompile Include="..\ccstruct\blobbox.cpp">
      <Filter>Source Files</Filter>
    </ClCompile>
  </ItemGroup>
</Project>