<?xml version="1.0" encoding="utf-8"?>
<Project ToolsVersion="4.0" xmlns="http://schemas.microsoft.com/developer/msbuild/2003">
  <ItemGroup>
    <Filter Include="Source Files">
      <UniqueIdentifier>{4FC737F1-C7A5-4376-A066-2A32D752A2FF}</UniqueIdentifier>
      <Extensions>cpp;c;cc;cxx;def;odl;idl;hpj;bat;asm;asmx</Extensions>
    </Filter>
    <Filter Include="Header Files">
      <UniqueIdentifier>{93995380-89BD-4b04-88EB-625FBE52EBFB}</UniqueIdentifier>
      <Extensions>h;hpp;hxx;hm;inl;inc;xsd</Extensions>
    </Filter>
    <Filter Include="Resource Files">
      <UniqueIdentifier>{67DA6AB6-F800-4c08-8B7A-83BB121AAD01}</UniqueIdentifier>
      <Extensions>rc;ico;cur;bmp;dlg;rc2;rct;bin;rgs;gif;jpg;jpeg;jpe;resx;tiff;tif;png;wav;mfcribbon-ms</Extensions>
    </Filter>
  </ItemGroup>
  <ItemGroup>
    <ClCompile Include="..\ccutil\unicharset.cpp">
      <Filter>Source Files</Filter>
    </ClCompile>
    <ClCompile Include="..\ccutil\unicharmap.cpp">
      <Filter>Source Files</Filter>
    </ClCompile>
    <ClCompile Include="..\ccutil\unichar.cpp">
      <Filter>Source Files</Filter>
    </ClCompile>
    <ClCompile Include="..\ccutil\tprintf.cpp">
      <Filter>Source Files</Filter>
    </ClCompile>
    <ClCompile Include="..\ccutil\tessdatamanager.cpp">
      <Filter>Source Files</Filter>
    </ClCompile>
    <ClCompile Include="..\ccutil\strngs.cpp">
      <Filter>Source Files</Filter>
    </ClCompile>
    <ClCompile Include="..\ccutil\serialis.cpp">
      <Filter>Source Files</Filter>
    </ClCompile>
    <ClCompile Include="..\ccutil\params.cpp">
      <Filter>Source Files</Filter>
    </ClCompile>
    <ClCompile Include="..\ccutil\mfcpch.cpp">
      <Filter>Source Files</Filter>
    </ClCompile>
    <ClCompile Include="..\ccutil\memry.cpp">
      <Filter>Source Files</Filter>
    </ClCompile>
    <ClCompile Include="..\ccutil\memblk.cpp">
      <Filter>Source Files</Filter>
    </ClCompile>
    <ClCompile Include="..\ccutil\mainblk.cpp">
      <Filter>Source Files</Filter>
    </ClCompile>
    <ClCompile Include="..\ccutil\hashfn.cpp">
      <Filter>Source Files</Filter>
    </ClCompile>
    <ClCompile Include="..\ccutil\globaloc.cpp">
      <Filter>Source Files</Filter>
    </ClCompile>
    <ClCompile Include="..\ccutil\errcode.cpp">
      <Filter>Source Files</Filter>
    </ClCompile>
    <ClCompile Include="..\ccutil\elst2.cpp">
      <Filter>Source Files</Filter>
    </ClCompile>
    <ClCompile Include="..\ccutil\elst.cpp">
      <Filter>Source Files</Filter>
    </ClCompile>
    <ClCompile Include="..\ccutil\debugwin.cpp">
      <Filter>Source Files</Filter>
    </ClCompile>
    <ClCompile Include="..\ccutil\clst.cpp">
      <Filter>Source Files</Filter>
    </ClCompile>
    <ClCompile Include="..\ccutil\ccutil.cpp">
      <Filter>Source Files</Filter>
    </ClCompile>
    <ClCompile Include="..\ccutil\boxread.cpp">
      <Filter>Source Files</Filter>
    </ClCompile>
    <ClCompile Include="..\ccutil\bits16.cpp">
      <Filter>Source Files</Filter>
    </ClCompile>
    <ClCompile Include="..\ccutil\basedir.cpp">
      <Filter>Source Files</Filter>
    </ClCompile>
    <ClCompile Include="..\ccutil\ambigs.cpp">
      <Filter>Source Files</Filter>
    </ClCompile>
  </ItemGroup>
  <ItemGroup>
    <ClInclude Include="..\ccutil\ambigs.h">
      <Filter>Header Files</Filter>
    </ClInclude>
    <ClInclude Include="..\ccutil\basedir.h">
      <Filter>Header Files</Filter>
    </ClInclude>
    <ClInclude Include="..\ccutil\bits16.h">
      <Filter>Header Files</Filter>
    </ClInclude>
    <ClInclude Include="..\ccutil\boxread.h">
      <Filter>Header Files</Filter>
    </ClInclude>
    <ClInclude Include="..\ccutil\ccutil.h">
      <Filter>Header Files</Filter>
    </ClInclude>
    <ClInclude Include="..\ccutil\clst.h">
      <Filter>Header Files</Filter>
    </ClInclude>
    <ClInclude Include="..\ccutil\debugwin.h">
      <Filter>Header Files</Filter>
    </ClInclude>
    <ClInclude Include="..\ccutil\elst.h">
      <Filter>Header Files</Filter>
    </ClInclude>
    <ClInclude Include="..\ccutil\elst2.h">
      <Filter>Header Files</Filter>
    </ClInclude>
    <ClInclude Include="..\ccutil\errcode.h">
      <Filter>Header Files</Filter>
    </ClInclude>
    <ClInclude Include="..\ccutil\fileerr.h">
      <Filter>Header Files</Filter>
    </ClInclude>
    <ClInclude Include="..\ccutil\genericvector.h">
      <Filter>Header Files</Filter>
    </ClInclude>
    <ClInclude Include="..\ccutil\globaloc.h">
      <Filter>Header Files</Filter>
    </ClInclude>
    <ClInclude Include="..\ccutil\hashfn.h">
      <Filter>Header Files</Filter>
    </ClInclude>
    <ClInclude Include="..\ccutil\helpers.h">
      <Filter>Header Files</Filter>
    </ClInclude>
    <ClInclude Include="..\ccutil\host.h">
      <Filter>Header Files</Filter>
    </ClInclude>
    <ClInclude Include="..\ccutil\hosthplb.h">
      <Filter>Header Files</Filter>
    </ClInclude>
    <ClInclude Include="..\ccutil\lsterr.h">
      <Filter>Header Files</Filter>
    </ClInclude>
    <ClInclude Include="..\ccutil\memblk.h">
      <Filter>Header Files</Filter>
    </ClInclude>
    <ClInclude Include="..\ccutil\memry.h">
      <Filter>Header Files</Filter>
    </ClInclude>
    <ClInclude Include="..\ccutil\memryerr.h">
      <Filter>Header Files</Filter>
    </ClInclude>
    <ClInclude Include="..\ccutil\mfcpch.h">
      <Filter>Header Files</Filter>
    </ClInclude>
    <ClInclude Include="..\ccutil\ndminx.h">
      <Filter>Header Files</Filter>
    </ClInclude>
    <ClInclude Include="..\ccutil\notdll.h">
      <Filter>Header Files</Filter>
    </ClInclude>
    <ClInclude Include="..\ccutil\nwmain.h">
      <Filter>Header Files</Filter>
    </ClInclude>
    <ClInclude Include="..\ccutil\ocrclass.h">
      <Filter>Header Files</Filter>
    </ClInclude>
    <ClInclude Include="..\ccutil\params.h">
      <Filter>Header Files</Filter>
    </ClInclude>
    <ClInclude Include="..\ccutil\platform.h">
      <Filter>Header Files</Filter>
    </ClInclude>
    <ClInclude Include="..\ccutil\qrsequence.h">
      <Filter>Header Files</Filter>
    </ClInclude>
    <ClInclude Include="..\ccutil\secname.h">
      <Filter>Header Files</Filter>
    </ClInclude>
    <ClInclude Include="..\ccutil\serialis.h">
      <Filter>Header Files</Filter>
    </ClInclude>
    <ClInclude Include="..\ccutil\sorthelper.h">
      <Filter>Header Files</Filter>
    </ClInclude>
    <ClInclude Include="..\ccutil\stderr.h">
      <Filter>Header Files</Filter>
    </ClInclude>
    <ClInclude Include="..\ccutil\strngs.h">
      <Filter>Header Files</Filter>
    </ClInclude>
    <ClInclude Include="..\ccutil\tesscallback.h">
      <Filter>Header Files</Filter>
    </ClInclude>
    <ClInclude Include="..\ccutil\tessdatamanager.h">
      <Filter>Header Files</Filter>
    </ClInclude>
    <ClInclude Include="..\ccutil\tprintf.h">
      <Filter>Header Files</Filter>
    </ClInclude>
    <ClInclude Include="..\ccutil\unichar.h">
      <Filter>Header Files</Filter>
    </ClInclude>
    <ClInclude Include="..\ccutil\unicharmap.h">
      <Filter>Header Files</Filter>
    </ClInclude>
    <ClInclude Include="..\ccutil\unicharset.h">
      <Filter>Header Files</Filter>
    </ClInclude>
    <ClInclude Include="..\ccutil\unicity_table.h">
      <Filter>Header Files</Filter>
    </ClInclude>
  </ItemGroup>
</Project>