<?xml version="1.0" encoding="utf-8"?>
<Project ToolsVersion="4.0" xmlns="http://schemas.microsoft.com/developer/msbuild/2003">
  <ItemGroup>
    <Filter Include="Source Files">
      <UniqueIdentifier>{4FC737F1-C7A5-4376-A066-2A32D752A2FF}</UniqueIdentifier>
      <Extensions>cpp;c;cc;cxx;def;odl;idl;hpj;bat;asm;asmx</Extensions>
    </Filter>
    <Filter Include="Header Files">
      <UniqueIdentifier>{93995380-89BD-4b04-88EB-625FBE52EBFB}</UniqueIdentifier>
      <Extensions>h;hpp;hxx;hm;inl;inc;xsd</Extensions>
    </Filter>
    <Filter Include="Resource Files">
      <UniqueIdentifier>{67DA6AB6-F800-4c08-8B7A-83BB121AAD01}</UniqueIdentifier>
      <Extensions>rc;ico;cur;bmp;dlg;rc2;rct;bin;rgs;gif;jpg;jpeg;jpe;resx;tiff;tif;png;wav</Extensions>
    </Filter>
  </ItemGroup>
  <ItemGroup>
    <ClCompile Include="..\classify\adaptive.cpp">
      <Filter>Source Files</Filter>
    </ClCompile>
    <ClCompile Include="..\classify\adaptmatch.cpp">
      <Filter>Source Files</Filter>
    </ClCompile>
    <ClCompile Include="..\classify\blobclass.cpp">
      <Filter>Source Files</Filter>
    </ClCompile>
    <ClCompile Include="..\classify\chartoname.cpp">
      <Filter>Source Files</Filter>
    </ClCompile>
    <ClCompile Include="..\classify\classify.cpp">
      <Filter>Source Files</Filter>
    </ClCompile>
    <ClCompile Include="..\classify\cluster.cpp">
      <Filter>Source Files</Filter>
    </ClCompile>
    <ClCompile Include="..\classify\clusttool.cpp">
      <Filter>Source Files</Filter>
    </ClCompile>
    <ClCompile Include="..\classify\cutoffs.cpp">
      <Filter>Source Files</Filter>
    </ClCompile>
    <ClCompile Include="..\classify\extract.cpp">
      <Filter>Source Files</Filter>
    </ClCompile>
    <ClCompile Include="..\classify\featdefs.cpp">
      <Filter>Source Files</Filter>
    </ClCompile>
    <ClCompile Include="..\classify\flexfx.cpp">
      <Filter>Source Files</Filter>
    </ClCompile>
    <ClCompile Include="..\classify\float2int.cpp">
      <Filter>Source Files</Filter>
    </ClCompile>
    <ClCompile Include="..\classify\fpoint.cpp">
      <Filter>Source Files</Filter>
    </ClCompile>
    <ClCompile Include="..\classify\fxdefs.cpp">
      <Filter>Source Files</Filter>
    </ClCompile>
    <ClCompile Include="..\classify\intfx.cpp">
      <Filter>Source Files</Filter>
    </ClCompile>
    <ClCompile Include="..\classify\intmatcher.cpp">
      <Filter>Source Files</Filter>
    </ClCompile>
    <ClCompile Include="..\classify\intproto.cpp">
      <Filter>Source Files</Filter>
    </ClCompile>
    <ClCompile Include="..\classify\kdtree.cpp">
      <Filter>Source Files</Filter>
    </ClCompile>
    <ClCompile Include="..\classify\mf.cpp">
      <Filter>Source Files</Filter>
    </ClCompile>
    <ClCompile Include="..\classify\mfdefs.cpp">
      <Filter>Source Files</Filter>
    </ClCompile>
    <ClCompile Include="..\classify\mfoutline.cpp">
      <Filter>Source Files</Filter>
    </ClCompile>
    <ClCompile Include="..\classify\mfx.cpp">
      <Filter>Source Files</Filter>
    </ClCompile>
    <ClCompile Include="..\classify\normfeat.cpp">
      <Filter>Source Files</Filter>
    </ClCompile>
    <ClCompile Include="..\classify\normmatch.cpp">
      <Filter>Source Files</Filter>
    </ClCompile>
    <ClCompile Include="..\classify\ocrfeatures.cpp">
      <Filter>Source Files</Filter>
    </ClCompile>
    <ClCompile Include="..\classify\outfeat.cpp">
      <Filter>Source Files</Filter>
    </ClCompile>
    <ClCompile Include="..\classify\picofeat.cpp">
      <Filter>Source Files</Filter>
    </ClCompile>
    <ClCompile Include="..\classify\protos.cpp">
      <Filter>Source Files</Filter>
    </ClCompile>
    <ClCompile Include="..\classify\speckle.cpp">
      <Filter>Source Files</Filter>
    </ClCompile>
    <ClCompile Include="..\classify\xform2d.cpp">
      <Filter>Source Files</Filter>
    </ClCompile>
  </ItemGroup>
  <ItemGroup>
    <ClInclude Include="..\classify\adaptive.h">
      <Filter>Header Files</Filter>
    </ClInclude>
    <ClInclude Include="..\classify\baseline.h">
      <Filter>Header Files</Filter>
    </ClInclude>
    <ClInclude Include="..\classify\blobclass.h">
      <Filter>Header Files</Filter>
    </ClInclude>
    <ClInclude Include="..\classify\chartoname.h">
      <Filter>Header Files</Filter>
    </ClInclude>
    <ClInclude Include="..\classify\classify.h">
      <Filter>Header Files</Filter>
    </ClInclude>
    <ClInclude Include="..\classify\cluster.h">
      <Filter>Header Files</Filter>
    </ClInclude>
    <ClInclude Include="..\classify\clusttool.h">
      <Filter>Header Files</Filter>
    </ClInclude>
    <ClInclude Include="..\classify\cutoffs.h">
      <Filter>Header Files</Filter>
    </ClInclude>
    <ClInclude Include="..\classify\extern.h">
      <Filter>Header Files</Filter>
    </ClInclude>
    <ClInclude Include="..\classify\extract.h">
      <Filter>Header Files</Filter>
    </ClInclude>
    <ClInclude Include="..\classify\featdefs.h">
      <Filter>Header Files</Filter>
    </ClInclude>
    <ClInclude Include="..\classify\flexfx.h">
      <Filter>Header Files</Filter>
    </ClInclude>
    <ClInclude Include="..\classify\float2int.h">
      <Filter>Header Files</Filter>
    </ClInclude>
    <ClInclude Include="..\classify\fpoint.h">
      <Filter>Header Files</Filter>
    </ClInclude>
    <ClInclude Include="..\classify\fxdefs.h">
      <Filter>Header Files</Filter>
    </ClInclude>
    <ClInclude Include="..\classify\intfx.h">
      <Filter>Header Files</Filter>
    </ClInclude>
    <ClInclude Include="..\classify\intmatcher.h">
      <Filter>Header Files</Filter>
    </ClInclude>
    <ClInclude Include="..\classify\intproto.h">
      <Filter>Header Files</Filter>
    </ClInclude>
    <ClInclude Include="..\classify\kdtree.h">
      <Filter>Header Files</Filter>
    </ClInclude>
    <ClInclude Include="..\classify\mf.h">
      <Filter>Header Files</Filter>
    </ClInclude>
    <ClInclude Include="..\classify\mfdefs.h">
      <Filter>Header Files</Filter>
    </ClInclude>
    <ClInclude Include="..\classify\mfoutline.h">
      <Filter>Header Files</Filter>
    </ClInclude>
    <ClInclude Include="..\classify\mfx.h">
      <Filter>Header Files</Filter>
    </ClInclude>
    <ClInclude Include="..\classify\normfeat.h">
      <Filter>Header Files</Filter>
    </ClInclude>
    <ClInclude Include="..\classify\normmatch.h">
      <Filter>Header Files</Filter>
    </ClInclude>
    <ClInclude Include="..\classify\ocrfeatures.h">
      <Filter>Header Files</Filter>
    </ClInclude>
    <ClInclude Include="..\classify\outfeat.h">
      <Filter>Header Files</Filter>
    </ClInclude>
    <ClInclude Include="..\classify\picofeat.h">
      <Filter>Header Files</Filter>
    </ClInclude>
    <ClInclude Include="..\classify\protos.h">
      <Filter>Header Files</Filter>
    </ClInclude>
    <ClInclude Include="..\classify\speckle.h">
      <Filter>Header Files</Filter>
    </ClInclude>
    <ClInclude Include="..\classify\xform2d.h">
      <Filter>Header Files</Filter>
    </ClInclude>
  </ItemGroup>
</Project>