<?xml version="1.0" encoding="utf-8"?>
<Project ToolsVersion="4.0" xmlns="http://schemas.microsoft.com/developer/msbuild/2003">
  <ItemGroup>
    <Filter Include="Source Files">
      <UniqueIdentifier>{4FC737F1-C7A5-4376-A066-2A32D752A2FF}</UniqueIdentifier>
      <Extensions>cpp;c;cc;cxx;def;odl;idl;hpj;bat;asm;asmx</Extensions>
    </Filter>
    <Filter Include="Header Files">
      <UniqueIdentifier>{93995380-89BD-4b04-88EB-625FBE52EBFB}</UniqueIdentifier>
      <Extensions>h;hpp;hxx;hm;inl;inc;xsd</Extensions>
    </Filter>
    <Filter Include="Resource Files">
      <UniqueIdentifier>{67DA6AB6-F800-4c08-8B7A-83BB121AAD01}</UniqueIdentifier>
      <Extensions>rc;ico;cur;bmp;dlg;rc2;rct;bin;rgs;gif;jpg;jpeg;jpe;resx;tiff;tif;png;wav</Extensions>
    </Filter>
  </ItemGroup>
  <ItemGroup>
    <ClCompile Include="..\cube\altlist.cpp">
      <Filter>Source Files</Filter>
    </ClCompile>
    <ClCompile Include="..\cube\beam_search.cpp">
      <Filter>Source Files</Filter>
    </ClCompile>
    <ClCompile Include="..\cube\bmp_8.cpp">
      <Filter>Source Files</Filter>
    </ClCompile>
    <ClCompile Include="..\cube\cached_file.cpp">
      <Filter>Source Files</Filter>
    </ClCompile>
    <ClCompile Include="..\cube\char_altlist.cpp">
      <Filter>Source Files</Filter>
    </ClCompile>
    <ClCompile Include="..\cube\char_bigrams.cpp">
      <Filter>Source Files</Filter>
    </ClCompile>
    <ClCompile Include="..\cube\char_samp.cpp">
      <Filter>Source Files</Filter>
    </ClCompile>
    <ClCompile Include="..\cube\char_samp_enum.cpp">
      <Filter>Source Files</Filter>
    </ClCompile>
    <ClCompile Include="..\cube\char_samp_set.cpp">
      <Filter>Source Files</Filter>
    </ClCompile>
    <ClCompile Include="..\cube\char_set.cpp">
      <Filter>Source Files</Filter>
    </ClCompile>
    <ClCompile Include="..\cube\classifier_factory.cpp">
      <Filter>Source Files</Filter>
    </ClCompile>
    <ClCompile Include="..\cube\con_comp.cpp">
      <Filter>Source Files</Filter>
    </ClCompile>
    <ClCompile Include="..\cube\conv_net_classifier.cpp">
      <Filter>Source Files</Filter>
    </ClCompile>
    <ClCompile Include="..\cube\cube_line_object.cpp">
      <Filter>Source Files</Filter>
    </ClCompile>
    <ClCompile Include="..\cube\cube_line_segmenter.cpp">
      <Filter>Source Files</Filter>
    </ClCompile>
    <ClCompile Include="..\cube\cube_object.cpp">
      <Filter>Source Files</Filter>
    </ClCompile>
    <ClCompile Include="..\cube\cube_search_object.cpp">
      <Filter>Source Files</Filter>
    </ClCompile>
    <ClCompile Include="..\cube\cube_tuning_params.cpp">
      <Filter>Source Files</Filter>
    </ClCompile>
    <ClCompile Include="..\cube\cube_utils.cpp">
      <Filter>Source Files</Filter>
    </ClCompile>
    <ClCompile Include="..\cube\feature_bmp.cpp">
      <Filter>Source Files</Filter>
    </ClCompile>
    <ClCompile Include="..\cube\feature_chebyshev.cpp">
      <Filter>Source Files</Filter>
    </ClCompile>
    <ClCompile Include="..\cube\feature_hybrid.cpp">
      <Filter>Source Files</Filter>
    </ClCompile>
    <ClCompile Include="..\cube\hybrid_neural_net_classifier.cpp">
      <Filter>Source Files</Filter>
    </ClCompile>
    <ClCompile Include="..\cube\search_column.cpp">
      <Filter>Source Files</Filter>
    </ClCompile>
    <ClCompile Include="..\cube\search_node.cpp">
      <Filter>Source Files</Filter>
    </ClCompile>
    <ClCompile Include="..\cube\tess_lang_mod_edge.cpp">
      <Filter>Source Files</Filter>
    </ClCompile>
    <ClCompile Include="..\cube\tess_lang_model.cpp">
      <Filter>Source Files</Filter>
    </ClCompile>
    <ClCompile Include="..\cube\word_altlist.cpp">
      <Filter>Source Files</Filter>
    </ClCompile>
    <ClCompile Include="..\cube\word_list_lang_model.cpp">
      <Filter>Source Files</Filter>
    </ClCompile>
    <ClCompile Include="..\cube\word_size_model.cpp">
      <Filter>Source Files</Filter>
    </ClCompile>
    <ClCompile Include="..\cube\word_unigrams.cpp">
      <Filter>Source Files</Filter>
    </ClCompile>
  </ItemGroup>
  <ItemGroup>
    <ClInclude Include="..\cube\altlist.h">
      <Filter>Header Files</Filter>
    </ClInclude>
    <ClInclude Include="..\cube\beam_search.h">
      <Filter>Header Files</Filter>
    </ClInclude>
    <ClInclude Include="..\cube\bmp_8.h">
      <Filter>Header Files</Filter>
    </ClInclude>
    <ClInclude Include="..\cube\cached_file.h">
      <Filter>Header Files</Filter>
    </ClInclude>
    <ClInclude Include="..\cube\char_altlist.h">
      <Filter>Header Files</Filter>
    </ClInclude>
    <ClInclude Include="..\cube\char_bigrams.h">
      <Filter>Header Files</Filter>
    </ClInclude>
    <ClInclude Include="..\cube\char_samp.h">
      <Filter>Header Files</Filter>
    </ClInclude>
    <ClInclude Include="..\cube\char_samp_enum.h">
      <Filter>Header Files</Filter>
    </ClInclude>
    <ClInclude Include="..\cube\char_samp_set.h">
      <Filter>Header Files</Filter>
    </ClInclude>
    <ClInclude Include="..\cube\char_set.h">
      <Filter>Header Files</Filter>
    </ClInclude>
    <ClInclude Include="..\cube\classifier_base.h">
      <Filter>Header Files</Filter>
    </ClInclude>
    <ClInclude Include="..\cube\classifier_factory.h">
      <Filter>Header Files</Filter>
    </ClInclude>
    <ClInclude Include="..\cube\con_comp.h">
      <Filter>Header Files</Filter>
    </ClInclude>
    <ClInclude Include="..\cube\const.h">
      <Filter>Header Files</Filter>
    </ClInclude>
    <ClInclude Include="..\cube\conv_net_classifier.h">
      <Filter>Header Files</Filter>
    </ClInclude>
    <ClInclude Include="..\cube\cube_line_object.h">
      <Filter>Header Files</Filter>
    </ClInclude>
    <ClInclude Include="..\cube\cube_line_segmenter.h">
      <Filter>Header Files</Filter>
    </ClInclude>
    <ClInclude Include="..\cube\cube_object.h">
      <Filter>Header Files</Filter>
    </ClInclude>
    <ClInclude Include="..\cube\cube_search_object.h">
      <Filter>Header Files</Filter>
    </ClInclude>
    <ClInclude Include="..\cube\cube_tuning_params.h">
      <Filter>Header Files</Filter>
    </ClInclude>
    <ClInclude Include="..\cube\cube_utils.h">
      <Filter>Header Files</Filter>
    </ClInclude>
    <ClInclude Include="..\cube\feature_base.h">
      <Filter>Header Files</Filter>
    </ClInclude>
    <ClInclude Include="..\cube\feature_bmp.h">
      <Filter>Header Files</Filter>
    </ClInclude>
    <ClInclude Include="..\cube\feature_chebyshev.h">
      <Filter>Header Files</Filter>
    </ClInclude>
    <ClInclude Include="..\cube\feature_hybrid.h">
      <Filter>Header Files</Filter>
    </ClInclude>
    <ClInclude Include="..\cube\hybrid_neural_net_classifier.h">
      <Filter>Header Files</Filter>
    </ClInclude>
    <ClInclude Include="..\cube\lang_mod_edge.h">
      <Filter>Header Files</Filter>
    </ClInclude>
    <ClInclude Include="..\cube\lang_model.h">
      <Filter>Header Files</Filter>
    </ClInclude>
    <ClInclude Include="..\cube\search_column.h">
      <Filter>Header Files</Filter>
    </ClInclude>
    <ClInclude Include="..\cube\search_node.h">
      <Filter>Header Files</Filter>
    </ClInclude>
    <ClInclude Include="..\cube\search_object.h">
      <Filter>Header Files</Filter>
    </ClInclude>
    <ClInclude Include="..\cube\string_32.h">
      <Filter>Header Files</Filter>
    </ClInclude>
    <ClInclude Include="..\cube\tess_lang_mod_edge.h">
      <Filter>Header Files</Filter>
    </ClInclude>
    <ClInclude Include="..\cube\tess_lang_model.h">
      <Filter>Header Files</Filter>
    </ClInclude>
    <ClInclude Include="..\cube\tuning_params.h">
      <Filter>Header Files</Filter>
    </ClInclude>
    <ClInclude Include="..\cube\word_altlist.h">
      <Filter>Header Files</Filter>
    </ClInclude>
    <ClInclude Include="..\cube\word_list_lang_model.h">
      <Filter>Header Files</Filter>
    </ClInclude>
    <ClInclude Include="..\cube\word_size_model.h">
      <Filter>Header Files</Filter>
    </ClInclude>
    <ClInclude Include="..\cube\word_unigrams.h">
      <Filter>Header Files</Filter>
    </ClInclude>
  </ItemGroup>
</Project>