<?xml version="1.0" encoding="utf-8"?>
<Project ToolsVersion="4.0" xmlns="http://schemas.microsoft.com/developer/msbuild/2003">
  <ItemGroup>
    <Filter Include="Source Files">
      <UniqueIdentifier>{4FC737F1-C7A5-4376-A066-2A32D752A2FF}</UniqueIdentifier>
      <Extensions>cpp;c;cc;cxx;def;odl;idl;hpj;bat;asm;asmx</Extensions>
    </Filter>
    <Filter Include="Header Files">
      <UniqueIdentifier>{93995380-89BD-4b04-88EB-625FBE52EBFB}</UniqueIdentifier>
      <Extensions>h;hpp;hxx;hm;inl;inc;xsd</Extensions>
    </Filter>
    <Filter Include="Resource Files">
      <UniqueIdentifier>{67DA6AB6-F800-4c08-8B7A-83BB121AAD01}</UniqueIdentifier>
      <Extensions>rc;ico;cur;bmp;dlg;rc2;rct;bin;rgs;gif;jpg;jpeg;jpe;resx;tiff;tif;png;wav</Extensions>
    </Filter>
  </ItemGroup>
  <ItemGroup>
    <ClCompile Include="..\cutil\bitvec.cpp">
      <Filter>Source Files</Filter>
    </ClCompile>
    <ClCompile Include="..\cutil\cutil.cpp">
      <Filter>Source Files</Filter>
    </ClCompile>
    <ClCompile Include="..\cutil\cutil_class.cpp">
      <Filter>Source Files</Filter>
    </ClCompile>
    <ClCompile Include="..\cutil\danerror.cpp">
      <Filter>Source Files</Filter>
    </ClCompile>
    <ClCompile Include="..\cutil\efio.cpp">
      <Filter>Source Files</Filter>
    </ClCompile>
    <ClCompile Include="..\cutil\emalloc.cpp">
      <Filter>Source Files</Filter>
    </ClCompile>
    <ClCompile Include="..\cutil\freelist.cpp">
      <Filter>Source Files</Filter>
    </ClCompile>
    <ClCompile Include="..\cutil\listio.cpp">
      <Filter>Source Files</Filter>
    </ClCompile>
    <ClCompile Include="..\cutil\oldheap.cpp">
      <Filter>Source Files</Filter>
    </ClCompile>
    <ClCompile Include="..\cutil\oldlist.cpp">
      <Filter>Source Files</Filter>
    </ClCompile>
    <ClCompile Include="..\cutil\structures.cpp">
      <Filter>Source Files</Filter>
    </ClCompile>
    <ClCompile Include="..\cutil\tessarray.cpp">
      <Filter>Source Files</Filter>
    </ClCompile>
  </ItemGroup>
  <ItemGroup>
    <ClInclude Include="..\cutil\bitvec.h">
      <Filter>Header Files</Filter>
    </ClInclude>
    <ClInclude Include="..\cutil\callcpp.h">
      <Filter>Header Files</Filter>
    </ClInclude>
    <ClInclude Include="..\cutil\const.h">
      <Filter>Header Files</Filter>
    </ClInclude>
    <ClInclude Include="..\cutil\cutil.h">
      <Filter>Header Files</Filter>
    </ClInclude>
    <ClInclude Include="..\cutil\cutil_class.h">
      <Filter>Header Files</Filter>
    </ClInclude>
    <ClInclude Include="..\cutil\danerror.h">
      <Filter>Header Files</Filter>
    </ClInclude>
    <ClInclude Include="..\cutil\efio.h">
      <Filter>Header Files</Filter>
    </ClInclude>
    <ClInclude Include="..\cutil\emalloc.h">
      <Filter>Header Files</Filter>
    </ClInclude>
    <ClInclude Include="..\cutil\freelist.h">
      <Filter>Header Files</Filter>
    </ClInclude>
    <ClInclude Include="..\cutil\globals.h">
      <Filter>Header Files</Filter>
    </ClInclude>
    <ClInclude Include="..\cutil\listio.h">
      <Filter>Header Files</Filter>
    </ClInclude>
    <ClInclude Include="..\cutil\oldheap.h">
      <Filter>Header Files</Filter>
    </ClInclude>
    <ClInclude Include="..\cutil\oldlist.h">
      <Filter>Header Files</Filter>
    </ClInclude>
    <ClInclude Include="..\cutil\structures.h">
      <Filter>Header Files</Filter>
    </ClInclude>
    <ClInclude Include="..\cutil\tessarray.h">
      <Filter>Header Files</Filter>
    </ClInclude>
  </ItemGroup>
</Project>