<?xml version="1.0" encoding="utf-8"?>
<Project ToolsVersion="4.0" xmlns="http://schemas.microsoft.com/developer/msbuild/2003">
  <ItemGroup>
    <Filter Include="Source Files">
      <UniqueIdentifier>{5aec675f-a53f-4ed5-8fe3-fcbe2ce8464f}</UniqueIdentifier>
      <Extensions>cpp;c;cxx;rc;def;r;odl;idl;hpj;bat</Extensions>
    </Filter>
    <Filter Include="Header Files">
      <UniqueIdentifier>{676cdc28-e771-4463-9424-ba1fe2017d67}</UniqueIdentifier>
      <Extensions>h;hpp;hxx;hm;inl</Extensions>
    </Filter>
    <Filter Include="Resource Files">
      <UniqueIdentifier>{65f4cf57-71bb-4539-aef2-14b44a0b35db}</UniqueIdentifier>
      <Extensions>ico;cur;bmp;dlg;rc2;rct;bin;rgs;gif;jpg;jpeg;jpe</Extensions>
    </Filter>
  </ItemGroup>
  <ItemGroup>
    <ClCompile Include="..\api\baseapi.cpp">
      <Filter>Source Files</Filter>
    </ClCompile>
    <ClCompile Include="..\api\pageiterator.cpp">
      <Filter>Source Files</Filter>
    </ClCompile>
    <ClCompile Include="..\api\resultiterator.cpp">
      <Filter>Source Files</Filter>
    </ClCompile>
  </ItemGroup>
  <ItemGroup>
    <ClInclude Include="..\api\baseapi.h">
      <Filter>Header Files</Filter>
    </ClInclude>
    <ClInclude Include="..\api\pageiterator.h">
      <Filter>Header Files</Filter>
    </ClInclude>
    <ClInclude Include="..\api\resultiterator.h">
      <Filter>Header Files</Filter>
    </ClInclude>
  </ItemGroup>
</Project>