<?xml version="1.0" encoding="utf-8"?>
<Project ToolsVersion="4.0" xmlns="http://schemas.microsoft.com/developer/msbuild/2003">
  <ItemGroup>
    <Filter Include="Source Files">
      <UniqueIdentifier>{4FC737F1-C7A5-4376-A066-2A32D752A2FF}</UniqueIdentifier>
      <Extensions>cpp;c;cc;cxx;def;odl;idl;hpj;bat;asm;asmx</Extensions>
    </Filter>
    <Filter Include="Header Files">
      <UniqueIdentifier>{93995380-89BD-4b04-88EB-625FBE52EBFB}</UniqueIdentifier>
      <Extensions>h;hpp;hxx;hm;inl;inc;xsd</Extensions>
    </Filter>
    <Filter Include="Resource Files">
      <UniqueIdentifier>{67DA6AB6-F800-4c08-8B7A-83BB121AAD01}</UniqueIdentifier>
      <Extensions>rc;ico;cur;bmp;dlg;rc2;rct;bin;rgs;gif;jpg;jpeg;jpe;resx;tiff;tif;png;wav</Extensions>
    </Filter>
  </ItemGroup>
  <ItemGroup>
    <ClCompile Include="..\textord\workingpartset.cpp">
      <Filter>Source Files</Filter>
    </ClCompile>
    <ClCompile Include="..\textord\wordseg.cpp">
      <Filter>Source Files</Filter>
    </ClCompile>
    <ClCompile Include="..\textord\underlin.cpp">
      <Filter>Source Files</Filter>
    </ClCompile>
    <ClCompile Include="..\textord\tovars.cpp">
      <Filter>Source Files</Filter>
    </ClCompile>
    <ClCompile Include="..\textord\tospace.cpp">
      <Filter>Source Files</Filter>
    </ClCompile>
    <ClCompile Include="..\textord\tordmain.cpp">
      <Filter>Source Files</Filter>
    </ClCompile>
    <ClCompile Include="..\textord\topitch.cpp">
      <Filter>Source Files</Filter>
    </ClCompile>
    <ClCompile Include="..\textord\textord.cpp">
      <Filter>Source Files</Filter>
    </ClCompile>
    <ClCompile Include="..\textord\tabvector.cpp">
      <Filter>Source Files</Filter>
    </ClCompile>
    <ClCompile Include="..\textord\tablerecog.cpp">
      <Filter>Source Files</Filter>
    </ClCompile>
    <ClCompile Include="..\textord\tablefind.cpp">
      <Filter>Source Files</Filter>
    </ClCompile>
    <ClCompile Include="..\textord\tabfind.cpp">
      <Filter>Source Files</Filter>
    </ClCompile>
    <ClCompile Include="..\textord\strokewidth.cpp">
      <Filter>Source Files</Filter>
    </ClCompile>
    <ClCompile Include="..\textord\sortflts.cpp">
      <Filter>Source Files</Filter>
    </ClCompile>
    <ClCompile Include="..\textord\scanedg.cpp">
      <Filter>Source Files</Filter>
    </ClCompile>
    <ClCompile Include="..\textord\pitsync1.cpp">
      <Filter>Source Files</Filter>
    </ClCompile>
    <ClCompile Include="..\textord\pithsync.cpp">
      <Filter>Source Files</Filter>
    </ClCompile>
    <ClCompile Include="..\textord\oldbasel.cpp">
      <Filter>Source Files</Filter>
    </ClCompile>
    <ClCompile Include="..\textord\makerow.cpp">
      <Filter>Source Files</Filter>
    </ClCompile>
    <ClCompile Include="..\textord\linefind.cpp">
      <Filter>Source Files</Filter>
    </ClCompile>
    <ClCompile Include="..\textord\imagefind.cpp">
      <Filter>Source Files</Filter>
    </ClCompile>
    <ClCompile Include="..\textord\gap_map.cpp">
      <Filter>Source Files</Filter>
    </ClCompile>
    <ClCompile Include="..\textord\fpchop.cpp">
      <Filter>Source Files</Filter>
    </ClCompile>
    <ClCompile Include="..\textord\edgloop.cpp">
      <Filter>Source Files</Filter>
    </ClCompile>
    <ClCompile Include="..\textord\edgblob.cpp">
      <Filter>Source Files</Filter>
    </ClCompile>
    <ClCompile Include="..\textord\drawtord.cpp">
      <Filter>Source Files</Filter>
    </ClCompile>
    <ClCompile Include="..\textord\drawedg.cpp">
      <Filter>Source Files</Filter>
    </ClCompile>
    <ClCompile Include="..\textord\colpartitionset.cpp">
      <Filter>Source Files</Filter>
    </ClCompile>
    <ClCompile Include="..\textord\colpartitiongrid.cpp">
      <Filter>Source Files</Filter>
    </ClCompile>
    <ClCompile Include="..\textord\colpartition.cpp">
      <Filter>Source Files</Filter>
    </ClCompile>
    <ClCompile Include="..\textord\colfind.cpp">
      <Filter>Source Files</Filter>
    </ClCompile>
    <ClCompile Include="..\textord\blkocc.cpp">
      <Filter>Source Files</Filter>
    </ClCompile>
    <ClCompile Include="..\textord\bbgrid.cpp">
      <Filter>Source Files</Filter>
    </ClCompile>
    <ClCompile Include="..\textord\alignedblob.cpp">
      <Filter>Source Files</Filter>
    </ClCompile>
    <ClCompile Include="..\textord\devanagari_processing.cpp">
      <Filter>Source Files</Filter>
    </ClCompile>
  </ItemGroup>
  <ItemGroup>
    <ClInclude Include="..\textord\alignedblob.h">
      <Filter>Header Files</Filter>
    </ClInclude>
    <ClInclude Include="..\textord\bbgrid.h">
      <Filter>Header Files</Filter>
    </ClInclude>
    <ClInclude Include="..\textord\blkocc.h">
      <Filter>Header Files</Filter>
    </ClInclude>
    <ClInclude Include="..\textord\blobcmpl.h">
      <Filter>Header Files</Filter>
    </ClInclude>
    <ClInclude Include="..\textord\colfind.h">
      <Filter>Header Files</Filter>
    </ClInclude>
    <ClInclude Include="..\textord\colpartition.h">
      <Filter>Header Files</Filter>
    </ClInclude>
    <ClInclude Include="..\textord\colpartitiongrid.h">
      <Filter>Header Files</Filter>
    </ClInclude>
    <ClInclude Include="..\textord\colpartitionset.h">
      <Filter>Header Files</Filter>
    </ClInclude>
    <ClInclude Include="..\textord\drawedg.h">
      <Filter>Header Files</Filter>
    </ClInclude>
    <ClInclude Include="..\textord\drawtord.h">
      <Filter>Header Files</Filter>
    </ClInclude>
    <ClInclude Include="..\textord\edgblob.h">
      <Filter>Header Files</Filter>
    </ClInclude>
    <ClInclude Include="..\textord\edgloop.h">
      <Filter>Header Files</Filter>
    </ClInclude>
    <ClInclude Include="..\textord\fpchop.h">
      <Filter>Header Files</Filter>
    </ClInclude>
    <ClInclude Include="..\textord\gap_map.h">
      <Filter>Header Files</Filter>
    </ClInclude>
    <ClInclude Include="..\textord\imagefind.h">
      <Filter>Header Files</Filter>
    </ClInclude>
    <ClInclude Include="..\textord\linefind.h">
      <Filter>Header Files</Filter>
    </ClInclude>
    <ClInclude Include="..\textord\makerow.h">
      <Filter>Header Files</Filter>
    </ClInclude>
    <ClInclude Include="..\textord\oldbasel.h">
      <Filter>Header Files</Filter>
    </ClInclude>
    <ClInclude Include="..\textord\pithsync.h">
      <Filter>Header Files</Filter>
    </ClInclude>
    <ClInclude Include="..\textord\pitsync1.h">
      <Filter>Header Files</Filter>
    </ClInclude>
    <ClInclude Include="..\textord\scanedg.h">
      <Filter>Header Files</Filter>
    </ClInclude>
    <ClInclude Include="..\textord\sortflts.h">
      <Filter>Header Files</Filter>
    </ClInclude>
    <ClInclude Include="..\textord\strokewidth.h">
      <Filter>Header Files</Filter>
    </ClInclude>
    <ClInclude Include="..\textord\tabfind.h">
      <Filter>Header Files</Filter>
    </ClInclude>
    <ClInclude Include="..\textord\tablefind.h">
      <Filter>Header Files</Filter>
    </ClInclude>
    <ClInclude Include="..\textord\tablerecog.h">
      <Filter>Header Files</Filter>
    </ClInclude>
    <ClInclude Include="..\textord\tabvector.h">
      <Filter>Header Files</Filter>
    </ClInclude>
    <ClInclude Include="..\textord\textord.h">
      <Filter>Header Files</Filter>
    </ClInclude>
    <ClInclude Include="..\textord\topitch.h">
      <Filter>Header Files</Filter>
    </ClInclude>
    <ClInclude Include="..\textord\tordmain.h">
      <Filter>Header Files</Filter>
    </ClInclude>
    <ClInclude Include="..\textord\tospace.h">
      <Filter>Header Files</Filter>
    </ClInclude>
    <ClInclude Include="..\textord\tovars.h">
      <Filter>Header Files</Filter>
    </ClInclude>
    <ClInclude Include="..\textord\underlin.h">
      <Filter>Header Files</Filter>
    </ClInclude>
    <ClInclude Include="..\textord\wordseg.h">
      <Filter>Header Files</Filter>
    </ClInclude>
    <ClInclude Include="..\textord\workingpartset.h">
      <Filter>Header Files</Filter>
    </ClInclude>
    <ClInclude Include="..\textord\devanagari_processing.h">
      <Filter>Header Files</Filter>
    </ClInclude>
  </ItemGroup>
</Project>