<?xml version="1.0" encoding="utf-8"?>
<Project ToolsVersion="4.0" xmlns="http://schemas.microsoft.com/developer/msbuild/2003">
  <ItemGroup>
    <Filter Include="Source Files">
      <UniqueIdentifier>{c44c3d7d-3fb8-4cad-aefb-9b38bbb83db0}</UniqueIdentifier>
      <Extensions>cpp;c;cxx;rc;def;r;odl;idl;hpj;bat</Extensions>
    </Filter>
    <Filter Include="Header Files">
      <UniqueIdentifier>{c1d7db24-c3b7-4409-9d8e-7c1f59f29a04}</UniqueIdentifier>
      <Extensions>h;hpp;hxx;hm;inl</Extensions>
    </Filter>
    <Filter Include="Resource Files">
      <UniqueIdentifier>{07869551-2149-44b9-adbd-5b97c9e41f8d}</UniqueIdentifier>
      <Extensions>ico;cur;bmp;dlg;rc2;rct;bin;rgs;gif;jpg;jpeg;jpe</Extensions>
    </Filter>
  </ItemGroup>
  <ItemGroup>
    <ClCompile Include="..\training\unicharset_extractor.cpp">
      <Filter>Source Files</Filter>
    </ClCompile>
  </ItemGroup>
  <ItemGroup>
    <ClInclude Include="..\ccutil\ambigs.h">
      <Filter>Header Files</Filter>
    </ClInclude>
    <ClInclude Include="..\ccutil\basedir.h">
      <Filter>Header Files</Filter>
    </ClInclude>
    <ClInclude Include="..\ccutil\bits16.h">
      <Filter>Header Files</Filter>
    </ClInclude>
    <ClInclude Include="..\ccutil\boxread.h">
      <Filter>Header Files</Filter>
    </ClInclude>
    <ClInclude Include="..\ccutil\ccutil.h">
      <Filter>Header Files</Filter>
    </ClInclude>
    <ClInclude Include="..\ccutil\clst.h">
      <Filter>Header Files</Filter>
    </ClInclude>
    <ClInclude Include="..\ccutil\debugwin.h">
      <Filter>Header Files</Filter>
    </ClInclude>
    <ClInclude Include="..\ccutil\elst.h">
      <Filter>Header Files</Filter>
    </ClInclude>
    <ClInclude Include="..\ccutil\elst2.h">
      <Filter>Header Files</Filter>
    </ClInclude>
    <ClInclude Include="..\ccutil\errcode.h">
      <Filter>Header Files</Filter>
    </ClInclude>
    <ClInclude Include="..\ccutil\fileerr.h">
      <Filter>Header Files</Filter>
    </ClInclude>
    <ClInclude Include="..\ccutil\globaloc.h">
      <Filter>Header Files</Filter>
    </ClInclude>
    <ClInclude Include="..\ccutil\hashfn.h">
      <Filter>Header Files</Filter>
    </ClInclude>
    <ClInclude Include="..\ccutil\host.h">
      <Filter>Header Files</Filter>
    </ClInclude>
    <ClInclude Include="..\ccutil\hosthplb.h">
      <Filter>Header Files</Filter>
    </ClInclude>
    <ClInclude Include="..\ccutil\lsterr.h">
      <Filter>Header Files</Filter>
    </ClInclude>
    <ClInclude Include="..\ccutil\mainblk.h">
      <Filter>Header Files</Filter>
    </ClInclude>
    <ClInclude Include="..\ccutil\memblk.h">
      <Filter>Header Files</Filter>
    </ClInclude>
    <ClInclude Include="..\ccutil\memry.h">
      <Filter>Header Files</Filter>
    </ClInclude>
    <ClInclude Include="..\ccutil\memryerr.h">
      <Filter>Header Files</Filter>
    </ClInclude>
    <ClInclude Include="..\ccutil\mfcpch.h">
      <Filter>Header Files</Filter>
    </ClInclude>
    <ClInclude Include="..\ccutil\ndminx.h">
      <Filter>Header Files</Filter>
    </ClInclude>
    <ClInclude Include="..\ccutil\notdll.h">
      <Filter>Header Files</Filter>
    </ClInclude>
    <ClInclude Include="..\ccutil\nwmain.h">
      <Filter>Header Files</Filter>
    </ClInclude>
    <ClInclude Include="..\ccutil\ocrshell.h">
      <Filter>Header Files</Filter>
    </ClInclude>
    <ClInclude Include="..\ccutil\platform.h">
      <Filter>Header Files</Filter>
    </ClInclude>
    <ClInclude Include="..\ccutil\scanutils.h">
      <Filter>Header Files</Filter>
    </ClInclude>
    <ClInclude Include="..\ccutil\secname.h">
      <Filter>Header Files</Filter>
    </ClInclude>
    <ClInclude Include="..\ccutil\serialis.h">
      <Filter>Header Files</Filter>
    </ClInclude>
    <ClInclude Include="..\ccutil\stderr.h">
      <Filter>Header Files</Filter>
    </ClInclude>
    <ClInclude Include="..\ccutil\strngs.h">
      <Filter>Header Files</Filter>
    </ClInclude>
    <ClInclude Include="..\ccutil\tessclas.h">
      <Filter>Header Files</Filter>
    </ClInclude>
    <ClInclude Include="..\ccutil\tessopt.h">
      <Filter>Header Files</Filter>
    </ClInclude>
    <ClInclude Include="..\ccutil\tprintf.h">
      <Filter>Header Files</Filter>
    </ClInclude>
    <ClInclude Include="..\ccutil\unichar.h">
      <Filter>Header Files</Filter>
    </ClInclude>
    <ClInclude Include="..\ccutil\unicharmap.h">
      <Filter>Header Files</Filter>
    </ClInclude>
    <ClInclude Include="..\ccutil\unicharset.h">
      <Filter>Header Files</Filter>
    </ClInclude>
    <ClInclude Include="..\ccutil\varable.h">
      <Filter>Header Files</Filter>
    </ClInclude>
  </ItemGroup>
</Project>