<?xml version="1.0" encoding="utf-8"?>
<Project ToolsVersion="4.0" xmlns="http://schemas.microsoft.com/developer/msbuild/2003">
  <ItemGroup>
    <Filter Include="Source Files">
      <UniqueIdentifier>{79062b7c-4c3a-49a9-aaa2-127583e773f1}</UniqueIdentifier>
      <Extensions>cpp;c;cxx;rc;def;r;odl;idl;hpj;bat</Extensions>
    </Filter>
    <Filter Include="Header Files">
      <UniqueIdentifier>{94a43279-abb2-4068-b8a0-4cbdde521931}</UniqueIdentifier>
      <Extensions>h;hpp;hxx;hm;inl</Extensions>
    </Filter>
    <Filter Include="Resource Files">
      <UniqueIdentifier>{390a0adb-1420-47f1-9339-abd78d68ec3d}</UniqueIdentifier>
      <Extensions>ico;cur;bmp;dlg;rc2;rct;bin;rgs;gif;jpg;jpeg;jpe</Extensions>
    </Filter>
  </ItemGroup>
  <ItemGroup>
    <ClCompile Include="..\training\wordlist2dawg.cpp">
      <Filter>Source Files</Filter>
    </ClCompile>
  </ItemGroup>
  <ItemGroup>
    <ClInclude Include="..\classify\adaptmatch.h">
      <Filter>Header Files</Filter>
    </ClInclude>
    <ClInclude Include="..\ccutil\ambigs.h">
      <Filter>Header Files</Filter>
    </ClInclude>
    <ClInclude Include="..\ccstruct\ccstruct.h">
      <Filter>Header Files</Filter>
    </ClInclude>
    <ClInclude Include="..\ccutil\ccutil.h">
      <Filter>Header Files</Filter>
    </ClInclude>
    <ClInclude Include="..\classify\classify.h">
      <Filter>Header Files</Filter>
    </ClInclude>
    <ClInclude Include="..\cutil\cutil_class.h">
      <Filter>Header Files</Filter>
    </ClInclude>
    <ClInclude Include="..\dict\dict.h">
      <Filter>Header Files</Filter>
    </ClInclude>
    <ClInclude Include="..\ccutil\elst.h">
      <Filter>Header Files</Filter>
    </ClInclude>
    <ClInclude Include="..\viewer\grphics.h">
      <Filter>Header Files</Filter>
    </ClInclude>
    <ClInclude Include="..\image\image.h">
      <Filter>Header Files</Filter>
    </ClInclude>
    <ClInclude Include="..\dict\lookdawg.h">
      <Filter>Header Files</Filter>
    </ClInclude>
    <ClInclude Include="..\dict\makedawg.h">
      <Filter>Header Files</Filter>
    </ClInclude>
    <ClInclude Include="..\ccstruct\ratngs.h">
      <Filter>Header Files</Filter>
    </ClInclude>
    <ClInclude Include="..\dict\reduce.h">
      <Filter>Header Files</Filter>
    </ClInclude>
    <ClInclude Include="..\cutil\variables.h">
      <Filter>Header Files</Filter>
    </ClInclude>
  </ItemGroup>
</Project>