<?xml version="1.0" encoding="utf-8"?>
<Project ToolsVersion="4.0" xmlns="http://schemas.microsoft.com/developer/msbuild/2003">
  <ItemGroup>
    <Filter Include="Source Files">
      <UniqueIdentifier>{4FC737F1-C7A5-4376-A066-2A32D752A2FF}</UniqueIdentifier>
      <Extensions>cpp;c;cc;cxx;def;odl;idl;hpj;bat;asm;asmx</Extensions>
    </Filter>
    <Filter Include="Header Files">
      <UniqueIdentifier>{93995380-89BD-4b04-88EB-625FBE52EBFB}</UniqueIdentifier>
      <Extensions>h;hpp;hxx;hm;inl;inc;xsd</Extensions>
    </Filter>
    <Filter Include="Resource Files">
      <UniqueIdentifier>{67DA6AB6-F800-4c08-8B7A-83BB121AAD01}</UniqueIdentifier>
      <Extensions>rc;ico;cur;bmp;dlg;rc2;rct;bin;rgs;gif;jpg;jpeg;jpe;resx;tiff;tif;png;wav</Extensions>
    </Filter>
  </ItemGroup>
  <ItemGroup>
    <ClCompile Include="..\wordrec\associate.cpp">
      <Filter>Source Files</Filter>
    </ClCompile>
    <ClCompile Include="..\wordrec\bestfirst.cpp">
      <Filter>Source Files</Filter>
    </ClCompile>
    <ClCompile Include="..\wordrec\chop.cpp">
      <Filter>Source Files</Filter>
    </ClCompile>
    <ClCompile Include="..\wordrec\chopper.cpp">
      <Filter>Source Files</Filter>
    </ClCompile>
    <ClCompile Include="..\wordrec\closed.cpp">
      <Filter>Source Files</Filter>
    </ClCompile>
    <ClCompile Include="..\wordrec\drawfx.cpp">
      <Filter>Source Files</Filter>
    </ClCompile>
    <ClCompile Include="..\wordrec\findseam.cpp">
      <Filter>Source Files</Filter>
    </ClCompile>
    <ClCompile Include="..\wordrec\gradechop.cpp">
      <Filter>Source Files</Filter>
    </ClCompile>
    <ClCompile Include="..\wordrec\heuristic.cpp">
      <Filter>Source Files</Filter>
    </ClCompile>
    <ClCompile Include="..\wordrec\language_model.cpp">
      <Filter>Source Files</Filter>
    </ClCompile>
    <ClCompile Include="..\wordrec\makechop.cpp">
      <Filter>Source Files</Filter>
    </ClCompile>
    <ClCompile Include="..\wordrec\matchtab.cpp">
      <Filter>Source Files</Filter>
    </ClCompile>
    <ClCompile Include="..\wordrec\olutil.cpp">
      <Filter>Source Files</Filter>
    </ClCompile>
    <ClCompile Include="..\wordrec\outlines.cpp">
      <Filter>Source Files</Filter>
    </ClCompile>
    <ClCompile Include="..\wordrec\pieces.cpp">
      <Filter>Source Files</Filter>
    </ClCompile>
    <ClCompile Include="..\wordrec\plotedges.cpp">
      <Filter>Source Files</Filter>
    </ClCompile>
    <ClCompile Include="..\wordrec\plotseg.cpp">
      <Filter>Source Files</Filter>
    </ClCompile>
    <ClCompile Include="..\wordrec\render.cpp">
      <Filter>Source Files</Filter>
    </ClCompile>
    <ClCompile Include="..\wordrec\segsearch.cpp">
      <Filter>Source Files</Filter>
    </ClCompile>
    <ClCompile Include="..\wordrec\tally.cpp">
      <Filter>Source Files</Filter>
    </ClCompile>
    <ClCompile Include="..\wordrec\tface.cpp">
      <Filter>Source Files</Filter>
    </ClCompile>
    <ClCompile Include="..\wordrec\wordclass.cpp">
      <Filter>Source Files</Filter>
    </ClCompile>
    <ClCompile Include="..\wordrec\wordrec.cpp">
      <Filter>Source Files</Filter>
    </ClCompile>
  </ItemGroup>
  <ItemGroup>
    <ClInclude Include="..\wordrec\associate.h">
      <Filter>Header Files</Filter>
    </ClInclude>
    <ClInclude Include="..\wordrec\bestfirst.h">
      <Filter>Header Files</Filter>
    </ClInclude>
    <ClInclude Include="..\wordrec\chop.h">
      <Filter>Header Files</Filter>
    </ClInclude>
    <ClInclude Include="..\wordrec\chopper.h">
      <Filter>Header Files</Filter>
    </ClInclude>
    <ClInclude Include="..\wordrec\closed.h">
      <Filter>Header Files</Filter>
    </ClInclude>
    <ClInclude Include="..\wordrec\drawfx.h">
      <Filter>Header Files</Filter>
    </ClInclude>
    <ClInclude Include="..\wordrec\findseam.h">
      <Filter>Header Files</Filter>
    </ClInclude>
    <ClInclude Include="..\wordrec\gradechop.h">
      <Filter>Header Files</Filter>
    </ClInclude>
    <ClInclude Include="..\wordrec\language_model.h">
      <Filter>Header Files</Filter>
    </ClInclude>
    <ClInclude Include="..\wordrec\makechop.h">
      <Filter>Header Files</Filter>
    </ClInclude>
    <ClInclude Include="..\wordrec\matchtab.h">
      <Filter>Header Files</Filter>
    </ClInclude>
    <ClInclude Include="..\wordrec\measure.h">
      <Filter>Header Files</Filter>
    </ClInclude>
    <ClInclude Include="..\wordrec\olutil.h">
      <Filter>Header Files</Filter>
    </ClInclude>
    <ClInclude Include="..\wordrec\outlines.h">
      <Filter>Header Files</Filter>
    </ClInclude>
    <ClInclude Include="..\wordrec\pieces.h">
      <Filter>Header Files</Filter>
    </ClInclude>
    <ClInclude Include="..\wordrec\plotedges.h">
      <Filter>Header Files</Filter>
    </ClInclude>
    <ClInclude Include="..\wordrec\plotseg.h">
      <Filter>Header Files</Filter>
    </ClInclude>
    <ClInclude Include="..\wordrec\render.h">
      <Filter>Header Files</Filter>
    </ClInclude>
    <ClInclude Include="..\wordrec\tally.h">
      <Filter>Header Files</Filter>
    </ClInclude>
    <ClInclude Include="..\wordrec\wordclass.h">
      <Filter>Header Files</Filter>
    </ClInclude>
    <ClInclude Include="..\wordrec\wordrec.h">
      <Filter>Header Files</Filter>
    </ClInclude>
  </ItemGroup>
</Project>