<?xml version="1.0" encoding="utf-8"?>
<Project ToolsVersion="4.0" xmlns="http://schemas.microsoft.com/developer/msbuild/2003">
  <ItemGroup>
    <ClCompile Include="..\..\ccmain\adaptions.cpp">
      <Filter>Source Files</Filter>
    </ClCompile>
    <ClCompile Include="..\..\classify\adaptive.cpp">
      <Filter>Source Files</Filter>
    </ClCompile>
    <ClCompile Include="..\..\classify\adaptmatch.cpp">
      <Filter>Source Files</Filter>
    </ClCompile>
    <ClCompile Include="..\..\textord\alignedblob.cpp">
      <Filter>Source Files</Filter>
    </ClCompile>
    <ClCompile Include="..\..\cube\altlist.cpp">
      <Filter>Source Files</Filter>
    </ClCompile>
    <ClCompile Include="..\..\ccutil\ambigs.cpp">
      <Filter>Source Files</Filter>
    </ClCompile>
    <ClCompile Include="..\..\ccmain\applybox.cpp">
      <Filter>Source Files</Filter>
    </ClCompile>
    <ClCompile Include="..\..\wordrec\associate.cpp">
      <Filter>Source Files</Filter>
    </ClCompile>
    <ClCompile Include="..\..\api\baseapi.cpp">
      <Filter>Source Files</Filter>
    </ClCompile>
    <ClCompile Include="..\..\ccutil\basedir.cpp">
      <Filter>Source Files</Filter>
    </ClCompile>
    <ClCompile Include="..\..\textord\baselinedetect.cpp">
      <Filter>Source Files</Filter>
    </ClCompile>
    <ClCompile Include="..\..\textord\bbgrid.cpp">
      <Filter>Source Files</Filter>
    </ClCompile>
    <ClCompile Include="..\..\cube\beam_search.cpp">
      <Filter>Source Files</Filter>
    </ClCompile>
    <ClCompile Include="..\..\ccutil\bits16.cpp">
      <Filter>Source Files</Filter>
    </ClCompile>
    <ClCompile Include="..\..\cutil\bitvec.cpp">
      <Filter>Source Files</Filter>
    </ClCompile>
    <ClCompile Include="..\..\ccutil\bitvector.cpp">
      <Filter>Source Files</Filter>
    </ClCompile>
    <ClCompile Include="..\..\ccstruct\blamer.cpp">
      <Filter>Source Files</Filter>
    </ClCompile>
    <ClCompile Include="..\..\textord\blkocc.cpp">
      <Filter>Source Files</Filter>
    </ClCompile>
    <ClCompile Include="..\..\cutil\callcpp.cpp">
      <Filter>Source Files</Filter>
    </ClCompile>
    <ClCompile Include="..\..\ccstruct\blobbox.cpp">
      <Filter>Source Files</Filter>
    </ClCompile>
    <ClCompile Include="..\..\classify\blobclass.cpp">
      <Filter>Source Files</Filter>
    </ClCompile>
    <ClCompile Include="..\..\textord\blobgrid.cpp">
      <Filter>Source Files</Filter>
    </ClCompile>
    <ClCompile Include="..\..\ccstruct\blobs.cpp">
      <Filter>Source Files</Filter>
    </ClCompile>
    <ClCompile Include="..\..\ccstruct\blread.cpp">
      <Filter>Source Files</Filter>
    </ClCompile>
    <ClCompile Include="..\..\cube\bmp_8.cpp">
      <Filter>Source Files</Filter>
    </ClCompile>
    <ClCompile Include="..\..\ccstruct\boxread.cpp">
      <Filter>Source Files</Filter>
    </ClCompile>
    <ClCompile Include="..\..\ccstruct\boxword.cpp">
      <Filter>Source Files</Filter>
    </ClCompile>
    <ClCompile Include="..\..\cube\cached_file.cpp">
      <Filter>Source Files</Filter>
    </ClCompile>
    <ClCompile Include="..\..\api\capi.cpp">
      <Filter>Source Files</Filter>
    </ClCompile>
    <ClCompile Include="..\..\cube\classifier_factory.cpp">
      <Filter>Source Files</Filter>
    </ClCompile>
    <ClCompile Include="..\..\textord\ccnontextdetect.cpp">
      <Filter>Source Files</Filter>
    </ClCompile>
    <ClCompile Include="..\..\ccstruct\ccstruct.cpp">
      <Filter>Source Files</Filter>
    </ClCompile>
    <ClCompile Include="..\..\ccutil\ccutil.cpp">
      <Filter>Source Files</Filter>
    </ClCompile>
    <ClCompile Include="..\..\cube\char_altlist.cpp">
      <Filter>Source Files</Filter>
    </ClCompile>
    <ClCompile Include="..\..\cube\char_bigrams.cpp">
      <Filter>Source Files</Filter>
    </ClCompile>
    <ClCompile Include="..\..\cube\char_samp.cpp">
      <Filter>Source Files</Filter>
    </ClCompile>
    <ClCompile Include="..\..\cube\char_samp_enum.cpp">
      <Filter>Source Files</Filter>
    </ClCompile>
    <ClCompile Include="..\..\cube\char_samp_set.cpp">
      <Filter>Source Files</Filter>
    </ClCompile>
    <ClCompile Include="..\..\cube\char_set.cpp">
      <Filter>Source Files</Filter>
    </ClCompile>
    <ClCompile Include="..\..\wordrec\chop.cpp">
      <Filter>Source Files</Filter>
    </ClCompile>
    <ClCompile Include="..\..\wordrec\chopper.cpp">
      <Filter>Source Files</Filter>
    </ClCompile>
    <ClCompile Include="..\..\textord\cjkpitch.cpp">
      <Filter>Source Files</Filter>
    </ClCompile>
    <ClCompile Include="..\..\classify\classify.cpp">
      <Filter>Source Files</Filter>
    </ClCompile>
    <ClCompile Include="..\..\ccutil\clst.cpp">
      <Filter>Source Files</Filter>
    </ClCompile>
    <ClCompile Include="..\..\classify\cluster.cpp">
      <Filter>Source Files</Filter>
    </ClCompile>
    <ClCompile Include="..\..\classify\clusttool.cpp">
      <Filter>Source Files</Filter>
    </ClCompile>
    <ClCompile Include="..\..\ccstruct\detlinefit.cpp">
      <Filter>Source Files</Filter>
    </ClCompile>
    <ClCompile Include="..\..\textord\colfind.cpp">
      <Filter>Source Files</Filter>
    </ClCompile>
    <ClCompile Include="..\..\textord\colpartition.cpp">
      <Filter>Source Files</Filter>
    </ClCompile>
    <ClCompile Include="..\..\textord\colpartitiongrid.cpp">
      <Filter>Source Files</Filter>
    </ClCompile>
    <ClCompile Include="..\..\textord\colpartitionset.cpp">
      <Filter>Source Files</Filter>
    </ClCompile>
    <ClCompile Include="..\..\cube\con_comp.cpp">
      <Filter>Source Files</Filter>
    </ClCompile>
    <ClCompile Include="..\..\dict\context.cpp">
      <Filter>Source Files</Filter>
    </ClCompile>
    <ClCompile Include="..\..\ccmain\control.cpp">
      <Filter>Source Files</Filter>
    </ClCompile>
    <ClCompile Include="..\..\cube\conv_net_classifier.cpp">
      <Filter>Source Files</Filter>
    </ClCompile>
    <ClCompile Include="..\..\ccstruct\coutln.cpp">
      <Filter>Source Files</Filter>
    </ClCompile>
    <ClCompile Include="..\..\ccmain\cube_control.cpp">
      <Filter>Source Files</Filter>
    </ClCompile>
    <ClCompile Include="..\..\cube\cube_line_object.cpp">
      <Filter>Source Files</Filter>
    </ClCompile>
    <ClCompile Include="..\..\cube\cube_line_segmenter.cpp">
      <Filter>Source Files</Filter>
    </ClCompile>
    <ClCompile Include="..\..\cube\cube_object.cpp">
      <Filter>Source Files</Filter>
    </ClCompile>
    <ClCompile Include="..\..\ccmain\cube_reco_context.cpp">
      <Filter>Source Files</Filter>
    </ClCompile>
    <ClCompile Include="..\..\cube\cube_search_object.cpp">
      <Filter>Source Files</Filter>
    </ClCompile>
    <ClCompile Include="..\..\cube\cube_tuning_params.cpp">
      <Filter>Source Files</Filter>
    </ClCompile>
    <ClCompile Include="..\..\cube\cube_utils.cpp">
      <Filter>Source Files</Filter>
    </ClCompile>
    <ClCompile Include="..\..\ccmain\cubeclassifier.cpp">
      <Filter>Source Files</Filter>
    </ClCompile>
    <ClCompile Include="..\..\cutil\cutil.cpp">
      <Filter>Source Files</Filter>
    </ClCompile>
    <ClCompile Include="..\..\cutil\cutil_class.cpp">
      <Filter>Source Files</Filter>
    </ClCompile>
    <ClCompile Include="..\..\classify\cutoffs.cpp">
      <Filter>Source Files</Filter>
    </ClCompile>
    <ClCompile Include="..\..\cutil\danerror.cpp">
      <Filter>Source Files</Filter>
    </ClCompile>
    <ClCompile Include="..\..\dict\dawg.cpp">
      <Filter>Source Files</Filter>
    </ClCompile>
    <ClCompile Include="..\..\dict\dawg_cache.cpp">
      <Filter>Source Files</Filter>
    </ClCompile>
    <ClCompile Include="..\..\textord\devanagari_processing.cpp">
      <Filter>Source Files</Filter>
    </ClCompile>
    <ClCompile Include="..\..\textord\fpchop.cpp">
      <Filter>Source Files</Filter>
    </ClCompile>
    <ClCompile Include="..\..\dict\dict.cpp">
      <Filter>Source Files</Filter>
    </ClCompile>
    <ClCompile Include="..\..\ccmain\docqual.cpp">
      <Filter>Source Files</Filter>
    </ClCompile>
    <ClCompile Include="..\..\ccstruct\dppoint.cpp">
      <Filter>Source Files</Filter>
    </ClCompile>
    <ClCompile Include="..\..\textord\drawedg.cpp">
      <Filter>Source Files</Filter>
    </ClCompile>
    <ClCompile Include="..\..\wordrec\drawfx.cpp">
      <Filter>Source Files</Filter>
    </ClCompile>
    <ClCompile Include="..\..\textord\drawtord.cpp">
      <Filter>Source Files</Filter>
    </ClCompile>
    <ClCompile Include="..\..\textord\edgblob.cpp">
      <Filter>Source Files</Filter>
    </ClCompile>
    <ClCompile Include="..\..\textord\edgloop.cpp">
      <Filter>Source Files</Filter>
    </ClCompile>
    <ClCompile Include="..\..\cutil\efio.cpp">
      <Filter>Source Files</Filter>
    </ClCompile>
    <ClCompile Include="..\..\ccutil\elst.cpp">
      <Filter>Source Files</Filter>
    </ClCompile>
    <ClCompile Include="..\..\ccutil\elst2.cpp">
      <Filter>Source Files</Filter>
    </ClCompile>
    <ClCompile Include="..\..\cutil\emalloc.cpp">
      <Filter>Source Files</Filter>
    </ClCompile>
    <ClCompile Include="..\..\ccmain\equationdetect.cpp">
      <Filter>Source Files</Filter>
    </ClCompile>
    <ClCompile Include="..\..\textord\equationdetectbase.cpp">
      <Filter>Source Files</Filter>
    </ClCompile>
    <ClCompile Include="..\..\ccutil\errcode.cpp">
      <Filter>Source Files</Filter>
    </ClCompile>
    <ClCompile Include="..\..\classify\errorcounter.cpp">
      <Filter>Source Files</Filter>
    </ClCompile>
    <ClCompile Include="..\..\classify\featdefs.cpp">
      <Filter>Source Files</Filter>
    </ClCompile>
    <ClCompile Include="..\..\cube\feature_bmp.cpp">
      <Filter>Source Files</Filter>
    </ClCompile>
    <ClCompile Include="..\..\cube\feature_chebyshev.cpp">
      <Filter>Source Files</Filter>
    </ClCompile>
    <ClCompile Include="..\..\cube\feature_hybrid.cpp">
      <Filter>Source Files</Filter>
    </ClCompile>
    <ClCompile Include="..\..\wordrec\findseam.cpp">
      <Filter>Source Files</Filter>
    </ClCompile>
    <ClCompile Include="..\..\ccmain\fixspace.cpp">
      <Filter>Source Files</Filter>
    </ClCompile>
    <ClCompile Include="..\..\ccmain\fixxht.cpp">
      <Filter>Source Files</Filter>
    </ClCompile>
    <ClCompile Include="..\..\classify\float2int.cpp">
      <Filter>Source Files</Filter>
    </ClCompile>
    <ClCompile Include="..\..\ccstruct\fontinfo.cpp">
      <Filter>Source Files</Filter>
    </ClCompile>
    <ClCompile Include="..\..\classify\fpoint.cpp">
      <Filter>Source Files</Filter>
    </ClCompile>
    <ClCompile Include="..\..\cutil\freelist.cpp">
      <Filter>Source Files</Filter>
    </ClCompile>
    <ClCompile Include="..\..\textord\gap_map.cpp">
      <Filter>Source Files</Filter>
    </ClCompile>
    <ClCompile Include="..\..\ccstruct\genblob.cpp">
      <Filter>Source Files</Filter>
    </ClCompile>
    <ClCompile Include="..\port\gettimeofday.cpp">
      <Filter>Source Files</Filter>
    </ClCompile>
    <ClCompile Include="..\..\ccutil\globaloc.cpp">
      <Filter>Source Files</Filter>
    </ClCompile>
    <ClCompile Include="..\..\wordrec\gradechop.cpp">
      <Filter>Source Files</Filter>
    </ClCompile>
    <ClCompile Include="..\..\cube\hybrid_neural_net_classifier.cpp">
      <Filter>Source Files</Filter>
    </ClCompile>
    <ClCompile Include="..\..\dict\hyphen.cpp">
      <Filter>Source Files</Filter>
    </ClCompile>
    <ClCompile Include="..\..\textord\imagefind.cpp">
      <Filter>Source Files</Filter>
    </ClCompile>
    <ClCompile Include="..\..\ccutil\indexmapbidi.cpp">
      <Filter>Source Files</Filter>
    </ClCompile>
    <ClCompile Include="..\..\neural_networks\runtime\input_file_buffer.cpp">
      <Filter>Source Files</Filter>
    </ClCompile>
    <ClCompile Include="..\..\classify\intfeaturedist.cpp">
      <Filter>Source Files</Filter>
    </ClCompile>
    <ClCompile Include="..\..\classify\intfeaturemap.cpp">
      <Filter>Source Files</Filter>
    </ClCompile>
    <ClCompile Include="..\..\classify\intfeaturespace.cpp">
      <Filter>Source Files</Filter>
    </ClCompile>
    <ClCompile Include="..\..\classify\intmatcher.cpp">
      <Filter>Source Files</Filter>
    </ClCompile>
    <ClCompile Include="..\..\classify\intproto.cpp">
      <Filter>Source Files</Filter>
    </ClCompile>
    <ClCompile Include="..\..\classify\kdtree.cpp">
      <Filter>Source Files</Filter>
    </ClCompile>
    <ClCompile Include="..\..\classify\intfx.cpp">
      <Filter>Source Files</Filter>
    </ClCompile>
    <ClCompile Include="..\..\wordrec\language_model.cpp">
      <Filter>Source Files</Filter>
    </ClCompile>
    <ClCompile Include="..\..\ccstruct\linlsq.cpp">
      <Filter>Source Files</Filter>
    </ClCompile>
    <ClCompile Include="..\..\textord\linefind.cpp">
      <Filter>Source Files</Filter>
    </ClCompile>
    <ClCompile Include="..\..\wordrec\lm_consistency.cpp">
      <Filter>Source Files</Filter>
    </ClCompile>
    <ClCompile Include="..\..\wordrec\lm_pain_points.cpp">
      <Filter>Source Files</Filter>
    </ClCompile>
    <ClCompile Include="..\..\wordrec\lm_state.cpp">
      <Filter>Source Files</Filter>
    </ClCompile>
    <ClCompile Include="..\..\ccmain\ltrresultiterator.cpp">
      <Filter>Source Files</Filter>
    </ClCompile>
    <ClCompile Include="..\..\textord\makerow.cpp">
      <Filter>Source Files</Filter>
    </ClCompile>
    <ClCompile Include="..\..\classify\mastertrainer.cpp">
      <Filter>Source Files</Filter>
    </ClCompile>
    <ClCompile Include="..\..\ccstruct\matrix.cpp">
      <Filter>Source Files</Filter>
    </ClCompile>
    <ClCompile Include="..\..\ccutil\memry.cpp">
      <Filter>Source Files</Filter>
    </ClCompile>
    <ClCompile Include="..\..\classify\mf.cpp">
      <Filter>Source Files</Filter>
    </ClCompile>
    <ClCompile Include="..\..\classify\mfoutline.cpp">
      <Filter>Source Files</Filter>
    </ClCompile>
    <ClCompile Include="..\..\classify\mfx.cpp">
      <Filter>Source Files</Filter>
    </ClCompile>
    <ClCompile Include="..\..\ccstruct\mod128.cpp">
      <Filter>Source Files</Filter>
    </ClCompile>
    <ClCompile Include="..\..\neural_networks\runtime\neural_net.cpp">
      <Filter>Source Files</Filter>
    </ClCompile>
    <ClCompile Include="..\..\neural_networks\runtime\neuron.cpp">
      <Filter>Source Files</Filter>
    </ClCompile>
    <ClCompile Include="..\..\ccstruct\normalis.cpp">
      <Filter>Source Files</Filter>
    </ClCompile>
    <ClCompile Include="..\..\classify\normfeat.cpp">
      <Filter>Source Files</Filter>
    </ClCompile>
    <ClCompile Include="..\..\classify\normmatch.cpp">
      <Filter>Source Files</Filter>
    </ClCompile>
    <ClCompile Include="..\..\ccstruct\ocrblock.cpp">
      <Filter>Source Files</Filter>
    </ClCompile>
    <ClCompile Include="..\..\classify\ocrfeatures.cpp">
      <Filter>Source Files</Filter>
    </ClCompile>
    <ClCompile Include="..\..\ccstruct\ocrpara.cpp">
      <Filter>Source Files</Filter>
    </ClCompile>
    <ClCompile Include="..\..\ccstruct\ocrrow.cpp">
      <Filter>Source Files</Filter>
    </ClCompile>
    <ClCompile Include="..\..\textord\oldbasel.cpp">
      <Filter>Source Files</Filter>
    </ClCompile>
    <ClCompile Include="..\..\cutil\oldlist.cpp">
      <Filter>Source Files</Filter>
    </ClCompile>
    <ClCompile Include="..\..\classify\mfdefs.cpp">
      <Filter>Source Files</Filter>
    </ClCompile>
    <ClCompile Include="..\..\opencl\openclwrapper.cpp">
      <Filter>Source Files</Filter>
    </ClCompile>
    <ClCompile Include="..\..\ccmain\osdetect.cpp">
      <Filter>Source Files</Filter>
    </ClCompile>
    <ClCompile Include="..\..\ccstruct\otsuthr.cpp">
      <Filter>Source Files</Filter>
    </ClCompile>
    <ClCompile Include="..\..\classify\outfeat.cpp">
      <Filter>Source Files</Filter>
    </ClCompile>
    <ClCompile Include="..\..\wordrec\outlines.cpp">
      <Filter>Source Files</Filter>
    </ClCompile>
    <ClCompile Include="..\..\ccmain\output.cpp">
      <Filter>Source Files</Filter>
    </ClCompile>
    <ClCompile Include="..\..\ccmain\pageiterator.cpp">
      <Filter>Source Files</Filter>
    </ClCompile>
    <ClCompile Include="..\..\ccstruct\pageres.cpp">
      <Filter>Source Files</Filter>
    </ClCompile>
    <ClCompile Include="..\..\ccmain\pagesegmain.cpp">
      <Filter>Source Files</Filter>
    </ClCompile>
    <ClCompile Include="..\..\ccmain\pagewalk.cpp">
      <Filter>Source Files</Filter>
    </ClCompile>
    <ClCompile Include="..\..\ccmain\paragraphs.cpp">
      <Filter>Source Files</Filter>
    </ClCompile>
    <ClCompile Include="..\..\ccutil\params.cpp">
      <Filter>Source Files</Filter>
    </ClCompile>
    <ClCompile Include="..\..\wordrec\params_model.cpp">
      <Filter>Source Files</Filter>
    </ClCompile>
    <ClCompile Include="..\..\ccstruct\params_training_featdef.cpp">
      <Filter>Source Files</Filter>
    </ClCompile>
    <ClCompile Include="..\..\ccmain\paramsd.cpp">
      <Filter>Source Files</Filter>
    </ClCompile>
    <ClCompile Include="..\..\ccstruct\pdblock.cpp">
      <Filter>Source Files</Filter>
    </ClCompile>
    <ClCompile Include="..\..\dict\permdawg.cpp">
      <Filter>Source Files</Filter>
    </ClCompile>
    <ClCompile Include="..\..\ccmain\pgedit.cpp">
      <Filter>Source Files</Filter>
    </ClCompile>
    <ClCompile Include="..\..\classify\picofeat.cpp">
      <Filter>Source Files</Filter>
    </ClCompile>
    <ClCompile Include="..\..\textord\pithsync.cpp">
      <Filter>Source Files</Filter>
    </ClCompile>
    <ClCompile Include="..\..\wordrec\pieces.cpp">
      <Filter>Source Files</Filter>
    </ClCompile>
    <ClCompile Include="..\..\textord\pitsync1.cpp">
      <Filter>Source Files</Filter>
    </ClCompile>
    <ClCompile Include="..\..\wordrec\plotedges.cpp">
      <Filter>Source Files</Filter>
    </ClCompile>
    <ClCompile Include="..\..\ccstruct\points.cpp">
      <Filter>Source Files</Filter>
    </ClCompile>
    <ClCompile Include="..\..\ccstruct\polyaprx.cpp">
      <Filter>Source Files</Filter>
    </ClCompile>
    <ClCompile Include="..\..\ccstruct\polyblk.cpp">
      <Filter>Source Files</Filter>
    </ClCompile>
    <ClCompile Include="..\..\classify\protos.cpp">
      <Filter>Source Files</Filter>
    </ClCompile>
    <ClCompile Include="..\..\ccstruct\publictypes.cpp">
      <Filter>Source Files</Filter>
    </ClCompile>
    <ClCompile Include="..\..\ccstruct\quadlsq.cpp">
      <Filter>Source Files</Filter>
    </ClCompile>
    <ClCompile Include="..\..\ccstruct\quspline.cpp">
      <Filter>Source Files</Filter>
    </ClCompile>
    <ClCompile Include="..\..\ccstruct\ratngs.cpp">
      <Filter>Source Files</Filter>
    </ClCompile>
    <ClCompile Include="..\..\ccmain\recogtraining.cpp">
      <Filter>Source Files</Filter>
    </ClCompile>
    <ClCompile Include="..\..\ccstruct\rect.cpp">
      <Filter>Source Files</Filter>
    </ClCompile>
    <ClCompile Include="..\..\ccstruct\rejctmap.cpp">
      <Filter>Source Files</Filter>
    </ClCompile>
    <ClCompile Include="..\..\ccmain\reject.cpp">
      <Filter>Source Files</Filter>
    </ClCompile>
    <ClCompile Include="..\..\wordrec\render.cpp">
      <Filter>Source Files</Filter>
    </ClCompile>
    <ClCompile Include="..\..\api\renderer.cpp">
      <Filter>Source Files</Filter>
    </ClCompile>
    <ClCompile Include="..\..\ccmain\resultiterator.cpp">
      <Filter>Source Files</Filter>
    </ClCompile>
    <ClCompile Include="..\..\classify\sampleiterator.cpp">
      <Filter>Source Files</Filter>
    </ClCompile>
    <ClCompile Include="..\..\textord\scanedg.cpp">
      <Filter>Source Files</Filter>
    </ClCompile>
    <ClCompile Include="..\..\ccutil\scanutils.cpp">
      <Filter>Source Files</Filter>
    </ClCompile>
    <ClCompile Include="..\..\viewer\scrollview.cpp">
      <Filter>Source Files</Filter>
    </ClCompile>
    <ClCompile Include="..\..\ccstruct\seam.cpp">
      <Filter>Source Files</Filter>
    </ClCompile>
    <ClCompile Include="..\..\cube\search_column.cpp">
      <Filter>Source Files</Filter>
    </ClCompile>
    <ClCompile Include="..\..\cube\search_node.cpp">
      <Filter>Source Files</Filter>
    </ClCompile>
    <ClCompile Include="..\..\wordrec\segsearch.cpp">
      <Filter>Source Files</Filter>
    </ClCompile>
    <ClCompile Include="..\..\ccutil\serialis.cpp">
      <Filter>Source Files</Filter>
    </ClCompile>
    <ClCompile Include="..\..\classify\shapeclassifier.cpp">
      <Filter>Source Files</Filter>
    </ClCompile>
    <ClCompile Include="..\..\classify\shapetable.cpp">
      <Filter>Source Files</Filter>
    </ClCompile>
    <ClCompile Include="..\..\neural_networks\runtime\sigmoid_table.cpp">
      <Filter>Source Files</Filter>
    </ClCompile>
    <ClCompile Include="..\..\textord\sortflts.cpp">
      <Filter>Source Files</Filter>
    </ClCompile>
    <ClCompile Include="..\..\ccstruct\split.cpp">
      <Filter>Source Files</Filter>
    </ClCompile>
    <ClCompile Include="..\..\ccstruct\statistc.cpp">
      <Filter>Source Files</Filter>
    </ClCompile>
    <ClCompile Include="..\..\ccstruct\stepblob.cpp">
      <Filter>Source Files</Filter>
    </ClCompile>
    <ClCompile Include="..\..\dict\stopper.cpp">
      <Filter>Source Files</Filter>
    </ClCompile>
    <ClCompile Include="..\..\ccutil\strngs.cpp">
      <Filter>Source Files</Filter>
    </ClCompile>
    <ClCompile Include="..\..\textord\strokewidth.cpp">
      <Filter>Source Files</Filter>
    </ClCompile>
    <ClCompile Include="..\port\strtok_r.cpp">
      <Filter>Source Files</Filter>
    </ClCompile>
    <ClCompile Include="..\..\cutil\structures.cpp">
      <Filter>Source Files</Filter>
    </ClCompile>
    <ClCompile Include="..\..\ccmain\superscript.cpp">
      <Filter>Source Files</Filter>
    </ClCompile>
    <ClCompile Include="..\..\viewer\svmnode.cpp">
      <Filter>Source Files</Filter>
    </ClCompile>
    <ClCompile Include="..\..\viewer\svpaint.cpp">
      <Filter>Source Files</Filter>
    </ClCompile>
    <ClCompile Include="..\..\viewer\svutil.cpp">
      <Filter>Source Files</Filter>
    </ClCompile>
    <ClCompile Include="..\..\textord\tabfind.cpp">
      <Filter>Source Files</Filter>
    </ClCompile>
    <ClCompile Include="..\..\textord\tablefind.cpp">
      <Filter>Source Files</Filter>
    </ClCompile>
    <ClCompile Include="..\..\textord\tablerecog.cpp">
      <Filter>Source Files</Filter>
    </ClCompile>
    <ClCompile Include="..\..\textord\tabvector.cpp">
      <Filter>Source Files</Filter>
    </ClCompile>
    <ClCompile Include="..\..\cube\tess_lang_mod_edge.cpp">
      <Filter>Source Files</Filter>
    </ClCompile>
    <ClCompile Include="..\..\ccutil\mainblk.cpp">
      <Filter>Source Files</Filter>
    </ClCompile>
    <ClCompile Include="..\..\cube\tess_lang_model.cpp">
      <Filter>Source Files</Filter>
    </ClCompile>
    <ClCompile Include="..\..\ccmain\tessbox.cpp">
      <Filter>Source Files</Filter>
    </ClCompile>
    <ClCompile Include="..\..\classify\tessclassifier.cpp">
      <Filter>Source Files</Filter>
    </ClCompile>
    <ClCompile Include="..\..\ccutil\tessdatamanager.cpp">
      <Filter>Source Files</Filter>
    </ClCompile>
    <ClCompile Include="..\..\ccmain\tessedit.cpp">
      <Filter>Source Files</Filter>
    </ClCompile>
    <ClCompile Include="..\..\ccmain\tesseract_cube_combiner.cpp">
      <Filter>Source Files</Filter>
    </ClCompile>
    <ClCompile Include="..\..\ccmain\tesseractclass.cpp">
      <Filter>Source Files</Filter>
    </ClCompile>
    <ClCompile Include="..\..\ccmain\tessvars.cpp">
      <Filter>Source Files</Filter>
    </ClCompile>
    <ClCompile Include="..\..\textord\textlineprojection.cpp">
      <Filter>Source Files</Filter>
    </ClCompile>
    <ClCompile Include="..\..\textord\textord.cpp">
      <Filter>Source Files</Filter>
    </ClCompile>
    <ClCompile Include="..\..\wordrec\tface.cpp">
      <Filter>Source Files</Filter>
    </ClCompile>
    <ClCompile Include="..\..\ccmain\tfacepp.cpp">
      <Filter>Source Files</Filter>
    </ClCompile>
    <ClCompile Include="..\..\ccmain\thresholder.cpp">
      <Filter>Source Files</Filter>
    </ClCompile>
    <ClCompile Include="..\..\textord\topitch.cpp">
      <Filter>Source Files</Filter>
    </ClCompile>
    <ClCompile Include="..\..\textord\tordmain.cpp">
      <Filter>Source Files</Filter>
    </ClCompile>
    <ClCompile Include="..\..\textord\tospace.cpp">
      <Filter>Source Files</Filter>
    </ClCompile>
    <ClCompile Include="..\..\textord\tovars.cpp">
      <Filter>Source Files</Filter>
    </ClCompile>
    <ClCompile Include="..\..\ccutil\tprintf.cpp">
      <Filter>Source Files</Filter>
    </ClCompile>
    <ClCompile Include="..\..\classify\trainingsample.cpp">
      <Filter>Source Files</Filter>
    </ClCompile>
    <ClCompile Include="..\..\classify\trainingsampleset.cpp">
      <Filter>Source Files</Filter>
    </ClCompile>
    <ClCompile Include="..\..\dict\trie.cpp">
      <Filter>Source Files</Filter>
    </ClCompile>
    <ClCompile Include="..\..\textord\underlin.cpp">
      <Filter>Source Files</Filter>
    </ClCompile>
    <ClCompile Include="..\..\ccutil\unichar.cpp">
      <Filter>Source Files</Filter>
    </ClCompile>
    <ClCompile Include="..\..\ccutil\unicharmap.cpp">
      <Filter>Source Files</Filter>
    </ClCompile>
    <ClCompile Include="..\..\ccutil\unicharset.cpp">
      <Filter>Source Files</Filter>
    </ClCompile>
    <ClCompile Include="..\..\ccutil\unicodes.cpp">
      <Filter>Source Files</Filter>
    </ClCompile>
    <ClCompile Include="..\..\ccutil\universalambigs.cpp">
      <Filter>Source Files</Filter>
    </ClCompile>
    <ClCompile Include="..\..\ccstruct\vecfuncs.cpp">
      <Filter>Source Files</Filter>
    </ClCompile>
    <ClCompile Include="..\..\ccstruct\werd.cpp">
      <Filter>Source Files</Filter>
    </ClCompile>
    <ClCompile Include="..\..\ccmain\werdit.cpp">
      <Filter>Source Files</Filter>
    </ClCompile>
    <ClCompile Include="..\..\cube\word_altlist.cpp">
      <Filter>Source Files</Filter>
    </ClCompile>
    <ClCompile Include="..\..\cube\word_list_lang_model.cpp">
      <Filter>Source Files</Filter>
    </ClCompile>
    <ClCompile Include="..\..\cube\word_size_model.cpp">
      <Filter>Source Files</Filter>
    </ClCompile>
    <ClCompile Include="..\..\cube\word_unigrams.cpp">
      <Filter>Source Files</Filter>
    </ClCompile>
    <ClCompile Include="..\..\wordrec\wordclass.cpp">
      <Filter>Source Files</Filter>
    </ClCompile>
    <ClCompile Include="..\..\wordrec\wordrec.cpp">
      <Filter>Source Files</Filter>
    </ClCompile>
    <ClCompile Include="..\..\textord\wordseg.cpp">
      <Filter>Source Files</Filter>
    </ClCompile>
    <ClCompile Include="..\..\textord\workingpartset.cpp">
      <Filter>Source Files</Filter>
    </ClCompile>
    <ClCompile Include="..\..\api\pdfrenderer.cpp">
      <Filter>Source Files</Filter>
    </ClCompile>
    <ClCompile Include="..\..\ccmain\par_control.cpp">
      <Filter>Source Files</Filter>
    </ClCompile>
    <ClCompile Include="..\..\ccstruct\imagedata.cpp">
      <Filter>Source Files</Filter>
    </ClCompile>
  </ItemGroup>
  <ItemGroup>
    <ClInclude Include="..\..\classify\adaptive.h">
      <Filter>Header Files</Filter>
    </ClInclude>
    <ClInclude Include="..\..\textord\alignedblob.h">
      <Filter>Header Files</Filter>
    </ClInclude>
    <ClInclude Include="..\..\cube\altlist.h">
      <Filter>Header Files</Filter>
    </ClInclude>
    <ClInclude Include="..\..\ccutil\ambigs.h">
      <Filter>Header Files</Filter>
    </ClInclude>
    <ClInclude Include="..\..\api\apitypes.h">
      <Filter>Header Files</Filter>
    </ClInclude>
    <ClInclude Include="..\..\wordrec\associate.h">
      <Filter>Header Files</Filter>
    </ClInclude>
    <ClInclude Include="..\..\api\baseapi.h">
      <Filter>Header Files</Filter>
    </ClInclude>
    <ClInclude Include="..\..\ccutil\basedir.h">
      <Filter>Header Files</Filter>
    </ClInclude>
    <ClInclude Include="..\..\textord\baselinedetect.h">
      <Filter>Header Files</Filter>
    </ClInclude>
    <ClInclude Include="..\..\textord\bbgrid.h">
      <Filter>Header Files</Filter>
    </ClInclude>
    <ClInclude Include="..\..\cube\beam_search.h">
      <Filter>Header Files</Filter>
    </ClInclude>
    <ClInclude Include="..\..\ccutil\bits16.h">
      <Filter>Header Files</Filter>
    </ClInclude>
    <ClInclude Include="..\..\cutil\bitvec.h">
      <Filter>Header Files</Filter>
    </ClInclude>
    <ClInclude Include="..\..\ccstruct\blckerr.h">
      <Filter>Header Files</Filter>
    </ClInclude>
    <ClInclude Include="..\..\ccutil\bitvector.h">
      <Filter>Header Files</Filter>
    </ClInclude>
    <ClInclude Include="..\..\ccstruct\blamer.h">
      <Filter>Header Files</Filter>
    </ClInclude>
    <ClInclude Include="..\..\textord\blkocc.h">
      <Filter>Header Files</Filter>
    </ClInclude>
    <ClInclude Include="..\..\ccstruct\blobbox.h">
      <Filter>Header Files</Filter>
    </ClInclude>
    <ClInclude Include="..\..\classify\blobclass.h">
      <Filter>Header Files</Filter>
    </ClInclude>
    <ClInclude Include="..\..\textord\blobgrid.h">
      <Filter>Header Files</Filter>
    </ClInclude>
    <ClInclude Include="..\..\ccstruct\blobs.h">
      <Filter>Header Files</Filter>
    </ClInclude>
    <ClInclude Include="..\..\ccstruct\blread.h">
      <Filter>Header Files</Filter>
    </ClInclude>
    <ClInclude Include="..\..\cube\bmp_8.h">
      <Filter>Header Files</Filter>
    </ClInclude>
    <ClInclude Include="..\..\ccstruct\boxread.h">
      <Filter>Header Files</Filter>
    </ClInclude>
    <ClInclude Include="..\..\ccstruct\boxword.h">
      <Filter>Header Files</Filter>
    </ClInclude>
    <ClInclude Include="..\..\cube\cached_file.h">
      <Filter>Header Files</Filter>
    </ClInclude>
    <ClInclude Include="..\..\cutil\callcpp.h">
      <Filter>Header Files</Filter>
    </ClInclude>
    <ClInclude Include="..\..\api\capi.h">
      <Filter>Header Files</Filter>
    </ClInclude>
    <ClInclude Include="..\..\textord\ccnontextdetect.h">
      <Filter>Header Files</Filter>
    </ClInclude>
    <ClInclude Include="..\..\ccstruct\ccstruct.h">
      <Filter>Header Files</Filter>
    </ClInclude>
    <ClInclude Include="..\..\ccutil\ccutil.h">
      <Filter>Header Files</Filter>
    </ClInclude>
    <ClInclude Include="..\..\cube\char_altlist.h">
      <Filter>Header Files</Filter>
    </ClInclude>
    <ClInclude Include="..\..\cube\char_bigrams.h">
      <Filter>Header Files</Filter>
    </ClInclude>
    <ClInclude Include="..\..\cube\char_samp.h">
      <Filter>Header Files</Filter>
    </ClInclude>
    <ClInclude Include="..\..\cube\char_samp_enum.h">
      <Filter>Header Files</Filter>
    </ClInclude>
    <ClInclude Include="..\..\cube\char_samp_set.h">
      <Filter>Header Files</Filter>
    </ClInclude>
    <ClInclude Include="..\..\cube\char_set.h">
      <Filter>Header Files</Filter>
    </ClInclude>
    <ClInclude Include="..\..\wordrec\chop.h">
      <Filter>Header Files</Filter>
    </ClInclude>
    <ClInclude Include="..\..\wordrec\chopper.h">
      <Filter>Header Files</Filter>
    </ClInclude>
    <ClInclude Include="..\..\textord\cjkpitch.h">
      <Filter>Header Files</Filter>
    </ClInclude>
    <ClInclude Include="..\..\cube\classifier_base.h">
      <Filter>Header Files</Filter>
    </ClInclude>
    <ClInclude Include="..\..\cube\classifier_factory.h">
      <Filter>Header Files</Filter>
    </ClInclude>
    <ClInclude Include="..\..\classify\classify.h">
      <Filter>Header Files</Filter>
    </ClInclude>
    <ClInclude Include="..\..\ccutil\clst.h">
      <Filter>Header Files</Filter>
    </ClInclude>
    <ClInclude Include="..\..\classify\cluster.h">
      <Filter>Header Files</Filter>
    </ClInclude>
    <ClInclude Include="..\..\classify\clusttool.h">
      <Filter>Header Files</Filter>
    </ClInclude>
    <ClInclude Include="..\..\textord\colfind.h">
      <Filter>Header Files</Filter>
    </ClInclude>
    <ClInclude Include="..\..\textord\colpartition.h">
      <Filter>Header Files</Filter>
    </ClInclude>
    <ClInclude Include="..\..\textord\colpartitiongrid.h">
      <Filter>Header Files</Filter>
    </ClInclude>
    <ClInclude Include="..\..\textord\colpartitionset.h">
      <Filter>Header Files</Filter>
    </ClInclude>
    <ClInclude Include="..\..\cube\con_comp.h">
      <Filter>Header Files</Filter>
    </ClInclude>
    <ClInclude Include="..\..\cutil\const.h">
      <Filter>Header Files</Filter>
    </ClInclude>
    <ClInclude Include="..\..\ccmain\control.h">
      <Filter>Header Files</Filter>
    </ClInclude>
    <ClInclude Include="..\..\cube\conv_net_classifier.h">
      <Filter>Header Files</Filter>
    </ClInclude>
    <ClInclude Include="..\..\ccstruct\coutln.h">
      <Filter>Header Files</Filter>
    </ClInclude>
    <ClInclude Include="..\..\cube\cube_const.h">
      <Filter>Header Files</Filter>
    </ClInclude>
    <ClInclude Include="..\..\ccstruct\crakedge.h">
      <Filter>Header Files</Filter>
    </ClInclude>
    <ClInclude Include="..\..\cube\cube_line_object.h">
      <Filter>Header Files</Filter>
    </ClInclude>
    <ClInclude Include="..\..\cube\cube_line_segmenter.h">
      <Filter>Header Files</Filter>
    </ClInclude>
    <ClInclude Include="..\..\cube\cube_object.h">
      <Filter>Header Files</Filter>
    </ClInclude>
    <ClInclude Include="..\..\ccmain\cube_reco_context.h">
      <Filter>Header Files</Filter>
    </ClInclude>
    <ClInclude Include="..\..\cube\cube_search_object.h">
      <Filter>Header Files</Filter>
    </ClInclude>
    <ClInclude Include="..\..\cube\cube_tuning_params.h">
      <Filter>Header Files</Filter>
    </ClInclude>
    <ClInclude Include="..\..\cube\cube_utils.h">
      <Filter>Header Files</Filter>
    </ClInclude>
    <ClInclude Include="..\..\ccmain\cubeclassifier.h">
      <Filter>Header Files</Filter>
    </ClInclude>
    <ClInclude Include="..\..\cutil\cutil.h">
      <Filter>Header Files</Filter>
    </ClInclude>
    <ClInclude Include="..\..\cutil\cutil_class.h">
      <Filter>Header Files</Filter>
    </ClInclude>
    <ClInclude Include="..\..\classify\cutoffs.h">
      <Filter>Header Files</Filter>
    </ClInclude>
    <ClInclude Include="..\..\cutil\danerror.h">
      <Filter>Header Files</Filter>
    </ClInclude>
    <ClInclude Include="..\..\dict\dawg.h">
      <Filter>Header Files</Filter>
    </ClInclude>
    <ClInclude Include="..\..\dict\dawg_cache.h">
      <Filter>Header Files</Filter>
    </ClInclude>
    <ClInclude Include="..\..\ccstruct\detlinefit.h">
      <Filter>Header Files</Filter>
    </ClInclude>
    <ClInclude Include="..\..\textord\devanagari_processing.h">
      <Filter>Header Files</Filter>
    </ClInclude>
    <ClInclude Include="..\..\dict\dict.h">
      <Filter>Header Files</Filter>
    </ClInclude>
    <ClInclude Include="..\..\ccmain\docqual.h">
      <Filter>Header Files</Filter>
    </ClInclude>
    <ClInclude Include="..\..\ccutil\doubleptr.h">
      <Filter>Header Files</Filter>
    </ClInclude>
    <ClInclude Include="..\..\ccstruct\dppoint.h">
      <Filter>Header Files</Filter>
    </ClInclude>
    <ClInclude Include="..\..\textord\drawedg.h">
      <Filter>Header Files</Filter>
    </ClInclude>
    <ClInclude Include="..\..\wordrec\drawfx.h">
      <Filter>Header Files</Filter>
    </ClInclude>
    <ClInclude Include="..\..\textord\drawtord.h">
      <Filter>Header Files</Filter>
    </ClInclude>
    <ClInclude Include="..\..\textord\edgblob.h">
      <Filter>Header Files</Filter>
    </ClInclude>
    <ClInclude Include="..\..\textord\edgloop.h">
      <Filter>Header Files</Filter>
    </ClInclude>
    <ClInclude Include="..\..\cutil\efio.h">
      <Filter>Header Files</Filter>
    </ClInclude>
    <ClInclude Include="..\..\ccutil\elst.h">
      <Filter>Header Files</Filter>
    </ClInclude>
    <ClInclude Include="..\..\ccutil\elst2.h">
      <Filter>Header Files</Filter>
    </ClInclude>
    <ClInclude Include="..\..\cutil\emalloc.h">
      <Filter>Header Files</Filter>
    </ClInclude>
    <ClInclude Include="..\..\ccmain\equationdetect.h">
      <Filter>Header Files</Filter>
    </ClInclude>
    <ClInclude Include="..\..\textord\equationdetectbase.h">
      <Filter>Header Files</Filter>
    </ClInclude>
    <ClInclude Include="..\..\ccutil\errcode.h">
      <Filter>Header Files</Filter>
    </ClInclude>
    <ClInclude Include="..\..\classify\errorcounter.h">
      <Filter>Header Files</Filter>
    </ClInclude>
    <ClInclude Include="..\..\classify\featdefs.h">
      <Filter>Header Files</Filter>
    </ClInclude>
    <ClInclude Include="..\..\cube\feature_base.h">
      <Filter>Header Files</Filter>
    </ClInclude>
    <ClInclude Include="..\..\cube\feature_bmp.h">
      <Filter>Header Files</Filter>
    </ClInclude>
    <ClInclude Include="..\..\cube\feature_chebyshev.h">
      <Filter>Header Files</Filter>
    </ClInclude>
    <ClInclude Include="..\..\cube\feature_hybrid.h">
      <Filter>Header Files</Filter>
    </ClInclude>
    <ClInclude Include="..\..\ccutil\fileerr.h">
      <Filter>Header Files</Filter>
    </ClInclude>
    <ClInclude Include="..\..\wordrec\findseam.h">
      <Filter>Header Files</Filter>
    </ClInclude>
    <ClInclude Include="..\..\ccmain\fixspace.h">
      <Filter>Header Files</Filter>
    </ClInclude>
    <ClInclude Include="..\..\classify\float2int.h">
      <Filter>Header Files</Filter>
    </ClInclude>
    <ClInclude Include="..\..\ccstruct\fontinfo.h">
      <Filter>Header Files</Filter>
    </ClInclude>
    <ClInclude Include="..\..\textord\fpchop.h">
      <Filter>Header Files</Filter>
    </ClInclude>
    <ClInclude Include="..\..\classify\intfeaturespace.h">
      <Filter>Header Files</Filter>
    </ClInclude>
    <ClInclude Include="..\..\classify\fpoint.h">
      <Filter>Header Files</Filter>
    </ClInclude>
    <ClInclude Include="..\..\cutil\freelist.h">
      <Filter>Header Files</Filter>
    </ClInclude>
    <ClInclude Include="..\..\textord\gap_map.h">
      <Filter>Header Files</Filter>
    </ClInclude>
    <ClInclude Include="..\..\ccstruct\genblob.h">
      <Filter>Header Files</Filter>
    </ClInclude>
    <ClInclude Include="..\..\ccutil\genericheap.h">
      <Filter>Header Files</Filter>
    </ClInclude>
    <ClInclude Include="..\..\ccutil\genericvector.h">
      <Filter>Header Files</Filter>
    </ClInclude>
    <ClInclude Include="..\port\gettimeofday.h">
      <Filter>Header Files</Filter>
    </ClInclude>
    <ClInclude Include="..\..\ccutil\globaloc.h">
      <Filter>Header Files</Filter>
    </ClInclude>
    <ClInclude Include="..\..\cutil\globals.h">
      <Filter>Header Files</Filter>
    </ClInclude>
    <ClInclude Include="..\..\wordrec\gradechop.h">
      <Filter>Header Files</Filter>
    </ClInclude>
    <ClInclude Include="..\..\ccutil\hashfn.h">
      <Filter>Header Files</Filter>
    </ClInclude>
    <ClInclude Include="..\..\ccutil\helpers.h">
      <Filter>Header Files</Filter>
    </ClInclude>
    <ClInclude Include="..\..\ccutil\host.h">
      <Filter>Header Files</Filter>
    </ClInclude>
    <ClInclude Include="..\..\ccstruct\hpdsizes.h">
      <Filter>Header Files</Filter>
    </ClInclude>
    <ClInclude Include="..\..\cube\hybrid_neural_net_classifier.h">
      <Filter>Header Files</Filter>
    </ClInclude>
    <ClInclude Include="..\..\textord\imagefind.h">
      <Filter>Header Files</Filter>
    </ClInclude>
    <ClInclude Include="..\..\ccutil\indexmapbidi.h">
      <Filter>Header Files</Filter>
    </ClInclude>
    <ClInclude Include="..\..\neural_networks\runtime\input_file_buffer.h">
      <Filter>Header Files</Filter>
    </ClInclude>
    <ClInclude Include="..\..\classify\intfeaturedist.h">
      <Filter>Header Files</Filter>
    </ClInclude>
    <ClInclude Include="..\..\classify\intfeaturemap.h">
      <Filter>Header Files</Filter>
    </ClInclude>
    <ClInclude Include="..\..\classify\intfx.h">
      <Filter>Header Files</Filter>
    </ClInclude>
    <ClInclude Include="..\..\classify\mf.h">
      <Filter>Header Files</Filter>
    </ClInclude>
    <ClInclude Include="..\..\classify\intmatcher.h">
      <Filter>Header Files</Filter>
    </ClInclude>
    <ClInclude Include="..\..\classify\intproto.h">
      <Filter>Header Files</Filter>
    </ClInclude>
    <ClInclude Include="..\..\ccstruct\ipoints.h">
      <Filter>Header Files</Filter>
    </ClInclude>
    <ClInclude Include="..\..\ccutil\kdpair.h">
      <Filter>Header Files</Filter>
    </ClInclude>
    <ClInclude Include="..\..\classify\kdtree.h">
      <Filter>Header Files</Filter>
    </ClInclude>
    <ClInclude Include="..\..\cube\lang_mod_edge.h">
      <Filter>Header Files</Filter>
    </ClInclude>
    <ClInclude Include="..\..\cube\lang_model.h">
      <Filter>Header Files</Filter>
    </ClInclude>
    <ClInclude Include="..\..\wordrec\language_model.h">
      <Filter>Header Files</Filter>
    </ClInclude>
    <ClInclude Include="..\..\textord\linefind.h">
      <Filter>Header Files</Filter>
    </ClInclude>
    <ClInclude Include="..\..\ccstruct\linlsq.h">
      <Filter>Header Files</Filter>
    </ClInclude>
    <ClInclude Include="..\..\wordrec\lm_consistency.h">
      <Filter>Header Files</Filter>
    </ClInclude>
    <ClInclude Include="..\..\wordrec\lm_pain_points.h">
      <Filter>Header Files</Filter>
    </ClInclude>
    <ClInclude Include="..\..\wordrec\lm_state.h">
      <Filter>Header Files</Filter>
    </ClInclude>
    <ClInclude Include="..\..\ccutil\lsterr.h">
      <Filter>Header Files</Filter>
    </ClInclude>
    <ClInclude Include="..\..\ccmain\ltrresultiterator.h">
      <Filter>Header Files</Filter>
    </ClInclude>
    <ClInclude Include="..\..\textord\makerow.h">
      <Filter>Header Files</Filter>
    </ClInclude>
    <ClInclude Include="..\..\classify\mastertrainer.h">
      <Filter>Header Files</Filter>
    </ClInclude>
    <ClInclude Include="..\..\dict\matchdefs.h">
      <Filter>Header Files</Filter>
    </ClInclude>
    <ClInclude Include="..\port\mathfix.h">
      <Filter>Header Files</Filter>
    </ClInclude>
    <ClInclude Include="..\..\ccstruct\matrix.h">
      <Filter>Header Files</Filter>
    </ClInclude>
    <ClInclude Include="..\..\wordrec\measure.h">
      <Filter>Header Files</Filter>
    </ClInclude>
    <ClInclude Include="..\..\ccutil\memry.h">
      <Filter>Header Files</Filter>
    </ClInclude>
    <ClInclude Include="..\..\opencl\opencl_device_selection.h">
      <Filter>Header Files</Filter>
    </ClInclude>
    <ClInclude Include="..\..\classify\mfdefs.h">
      <Filter>Header Files</Filter>
    </ClInclude>
    <ClInclude Include="..\..\classify\mfoutline.h">
      <Filter>Header Files</Filter>
    </ClInclude>
    <ClInclude Include="..\..\classify\mfx.h">
      <Filter>Header Files</Filter>
    </ClInclude>
    <ClInclude Include="..\..\ccstruct\mod128.h">
      <Filter>Header Files</Filter>
    </ClInclude>
    <ClInclude Include="..\..\ccmain\mutableiterator.h">
      <Filter>Header Files</Filter>
    </ClInclude>
    <ClInclude Include="..\..\ccutil\ndminx.h">
      <Filter>Header Files</Filter>
    </ClInclude>
    <ClInclude Include="..\..\neural_networks\runtime\neural_net.h">
      <Filter>Header Files</Filter>
    </ClInclude>
    <ClInclude Include="..\..\neural_networks\runtime\neuron.h">
      <Filter>Header Files</Filter>
    </ClInclude>
    <ClInclude Include="..\..\ccstruct\normalis.h">
      <Filter>Header Files</Filter>
    </ClInclude>
    <ClInclude Include="..\..\classify\normfeat.h">
      <Filter>Header Files</Filter>
    </ClInclude>
    <ClInclude Include="..\..\classify\normmatch.h">
      <Filter>Header Files</Filter>
    </ClInclude>
    <ClInclude Include="..\..\ccutil\nwmain.h">
      <Filter>Header Files</Filter>
    </ClInclude>
    <ClInclude Include="..\..\ccutil\object_cache.h">
      <Filter>Header Files</Filter>
    </ClInclude>
    <ClInclude Include="..\..\opencl\oclkernels.h">
      <Filter>Header Files</Filter>
    </ClInclude>
    <ClInclude Include="..\..\ccstruct\ocrblock.h">
      <Filter>Header Files</Filter>
    </ClInclude>
    <ClInclude Include="..\..\ccutil\ocrclass.h">
      <Filter>Header Files</Filter>
    </ClInclude>
    <ClInclude Include="..\..\classify\ocrfeatures.h">
      <Filter>Header Files</Filter>
    </ClInclude>
    <ClInclude Include="..\..\ccstruct\ocrpara.h">
      <Filter>Header Files</Filter>
    </ClInclude>
    <ClInclude Include="..\..\ccstruct\ocrrow.h">
      <Filter>Header Files</Filter>
    </ClInclude>
    <ClInclude Include="..\..\textord\oldbasel.h">
      <Filter>Header Files</Filter>
    </ClInclude>
    <ClInclude Include="..\..\cutil\oldlist.h">
      <Filter>Header Files</Filter>
    </ClInclude>
    <ClInclude Include="..\..\opencl\openclwrapper.h">
      <Filter>Header Files</Filter>
    </ClInclude>
    <ClInclude Include="..\..\textord\scanedg.h">
      <Filter>Header Files</Filter>
    </ClInclude>
    <ClInclude Include="..\..\ccmain\osdetect.h">
      <Filter>Header Files</Filter>
    </ClInclude>
    <ClInclude Include="..\..\ccstruct\otsuthr.h">
      <Filter>Header Files</Filter>
    </ClInclude>
    <ClInclude Include="..\..\classify\outfeat.h">
      <Filter>Header Files</Filter>
    </ClInclude>
    <ClInclude Include="..\..\wordrec\outlines.h">
      <Filter>Header Files</Filter>
    </ClInclude>
    <ClInclude Include="..\..\ccmain\output.h">
      <Filter>Header Files</Filter>
    </ClInclude>
    <ClInclude Include="..\..\ccmain\pageiterator.h">
      <Filter>Header Files</Filter>
    </ClInclude>
    <ClInclude Include="..\..\ccstruct\pageres.h">
      <Filter>Header Files</Filter>
    </ClInclude>
    <ClInclude Include="..\..\ccmain\paragraphs.h">
      <Filter>Header Files</Filter>
    </ClInclude>
    <ClInclude Include="..\..\ccmain\paragraphs_internal.h">
      <Filter>Header Files</Filter>
    </ClInclude>
    <ClInclude Include="..\..\ccutil\params.h">
      <Filter>Header Files</Filter>
    </ClInclude>
    <ClInclude Include="..\..\wordrec\params_model.h">
      <Filter>Header Files</Filter>
    </ClInclude>
    <ClInclude Include="..\..\ccstruct\params_training_featdef.h">
      <Filter>Header Files</Filter>
    </ClInclude>
    <ClInclude Include="..\..\ccmain\paramsd.h">
      <Filter>Header Files</Filter>
    </ClInclude>
    <ClInclude Include="..\..\ccstruct\pdblock.h">
      <Filter>Header Files</Filter>
    </ClInclude>
    <ClInclude Include="..\..\ccmain\pgedit.h">
      <Filter>Header Files</Filter>
    </ClInclude>
    <ClInclude Include="..\..\classify\picofeat.h">
      <Filter>Header Files</Filter>
    </ClInclude>
    <ClInclude Include="..\..\textord\pithsync.h">
      <Filter>Header Files</Filter>
    </ClInclude>
    <ClInclude Include="..\..\ccstruct\quspline.h">
      <Filter>Header Files</Filter>
    </ClInclude>
    <ClInclude Include="..\..\ccstruct\ratngs.h">
      <Filter>Header Files</Filter>
    </ClInclude>
    <ClInclude Include="..\..\ccstruct\rect.h">
      <Filter>Header Files</Filter>
    </ClInclude>
    <ClInclude Include="..\..\ccstruct\rejctmap.h">
      <Filter>Header Files</Filter>
    </ClInclude>
    <ClInclude Include="..\..\ccmain\reject.h">
      <Filter>Header Files</Filter>
    </ClInclude>
    <ClInclude Include="..\..\wordrec\render.h">
      <Filter>Header Files</Filter>
    </ClInclude>
    <ClInclude Include="..\..\api\renderer.h">
      <Filter>Header Files</Filter>
    </ClInclude>
    <ClInclude Include="resource.h">
      <Filter>Header Files</Filter>
    </ClInclude>
    <ClInclude Include="..\..\ccmain\resultiterator.h">
      <Filter>Header Files</Filter>
    </ClInclude>
    <ClInclude Include="..\..\classify\sampleiterator.h">
      <Filter>Header Files</Filter>
    </ClInclude>
    <ClInclude Include="..\..\textord\pitsync1.h">
      <Filter>Header Files</Filter>
    </ClInclude>
    <ClInclude Include="..\..\textord\tabvector.h">
      <Filter>Header Files</Filter>
    </ClInclude>
    <ClInclude Include="..\..\ccutil\platform.h">
      <Filter>Header Files</Filter>
    </ClInclude>
    <ClInclude Include="..\..\wordrec\plotedges.h">
      <Filter>Header Files</Filter>
    </ClInclude>
    <ClInclude Include="..\..\ccstruct\points.h">
      <Filter>Header Files</Filter>
    </ClInclude>
    <ClInclude Include="..\..\ccstruct\polyaprx.h">
      <Filter>Header Files</Filter>
    </ClInclude>
    <ClInclude Include="..\..\ccstruct\polyblk.h">
      <Filter>Header Files</Filter>
    </ClInclude>
    <ClInclude Include="..\..\classify\protos.h">
      <Filter>Header Files</Filter>
    </ClInclude>
    <ClInclude Include="..\..\ccstruct\publictypes.h">
      <Filter>Header Files</Filter>
    </ClInclude>
    <ClInclude Include="..\..\ccutil\qrsequence.h">
      <Filter>Header Files</Filter>
    </ClInclude>
    <ClInclude Include="..\..\ccstruct\quadlsq.h">
      <Filter>Header Files</Filter>
    </ClInclude>
    <ClInclude Include="..\..\ccstruct\quadratc.h">
      <Filter>Header Files</Filter>
    </ClInclude>
    <ClInclude Include="..\..\ccutil\scanutils.h">
      <Filter>Header Files</Filter>
    </ClInclude>
    <ClInclude Include="..\..\viewer\scrollview.h">
      <Filter>Header Files</Filter>
    </ClInclude>
    <ClInclude Include="..\..\ccstruct\seam.h">
      <Filter>Header Files</Filter>
    </ClInclude>
    <ClInclude Include="..\..\cube\search_column.h">
      <Filter>Header Files</Filter>
    </ClInclude>
    <ClInclude Include="..\..\cube\search_node.h">
      <Filter>Header Files</Filter>
    </ClInclude>
    <ClInclude Include="..\..\cube\search_object.h">
      <Filter>Header Files</Filter>
    </ClInclude>
    <ClInclude Include="..\..\ccutil\serialis.h">
      <Filter>Header Files</Filter>
    </ClInclude>
    <ClInclude Include="..\..\classify\shapeclassifier.h">
      <Filter>Header Files</Filter>
    </ClInclude>
    <ClInclude Include="..\..\classify\shapetable.h">
      <Filter>Header Files</Filter>
    </ClInclude>
    <ClInclude Include="..\..\textord\sortflts.h">
      <Filter>Header Files</Filter>
    </ClInclude>
    <ClInclude Include="..\..\ccutil\sorthelper.h">
      <Filter>Header Files</Filter>
    </ClInclude>
    <ClInclude Include="..\..\ccstruct\split.h">
      <Filter>Header Files</Filter>
    </ClInclude>
    <ClInclude Include="..\..\ccstruct\statistc.h">
      <Filter>Header Files</Filter>
    </ClInclude>
    <ClInclude Include="..\..\ccutil\stderr.h">
      <Filter>Header Files</Filter>
    </ClInclude>
    <ClInclude Include="..\..\ccstruct\stepblob.h">
      <Filter>Header Files</Filter>
    </ClInclude>
    <ClInclude Include="..\..\dict\stopper.h">
      <Filter>Header Files</Filter>
    </ClInclude>
    <ClInclude Include="..\..\cube\string_32.h">
      <Filter>Header Files</Filter>
    </ClInclude>
    <ClInclude Include="..\..\ccutil\strngs.h">
      <Filter>Header Files</Filter>
    </ClInclude>
    <ClInclude Include="..\..\textord\strokewidth.h">
      <Filter>Header Files</Filter>
    </ClInclude>
    <ClInclude Include="..\port\strtok_r.h">
      <Filter>Header Files</Filter>
    </ClInclude>
    <ClInclude Include="..\..\cutil\structures.h">
      <Filter>Header Files</Filter>
    </ClInclude>
    <ClInclude Include="..\..\viewer\svmnode.h">
      <Filter>Header Files</Filter>
    </ClInclude>
    <ClInclude Include="..\..\viewer\svutil.h">
      <Filter>Header Files</Filter>
    </ClInclude>
    <ClInclude Include="..\..\textord\tabfind.h">
      <Filter>Header Files</Filter>
    </ClInclude>
    <ClInclude Include="..\..\textord\tablefind.h">
      <Filter>Header Files</Filter>
    </ClInclude>
    <ClInclude Include="..\..\textord\tablerecog.h">
      <Filter>Header Files</Filter>
    </ClInclude>
    <ClInclude Include="..\..\cube\tess_lang_mod_edge.h">
      <Filter>Header Files</Filter>
    </ClInclude>
    <ClInclude Include="..\..\cube\word_altlist.h">
      <Filter>Header Files</Filter>
    </ClInclude>
    <ClInclude Include="..\..\cube\tess_lang_model.h">
      <Filter>Header Files</Filter>
    </ClInclude>
    <ClInclude Include="..\..\ccmain\tessbox.h">
      <Filter>Header Files</Filter>
    </ClInclude>
    <ClInclude Include="..\..\ccutil\tesscallback.h">
      <Filter>Header Files</Filter>
    </ClInclude>
    <ClInclude Include="..\..\classify\tessclassifier.h">
      <Filter>Header Files</Filter>
    </ClInclude>
    <ClInclude Include="..\..\ccutil\tessdatamanager.h">
      <Filter>Header Files</Filter>
    </ClInclude>
    <ClInclude Include="..\..\ccmain\tessedit.h">
      <Filter>Header Files</Filter>
    </ClInclude>
    <ClInclude Include="..\..\ccmain\tesseract_cube_combiner.h">
      <Filter>Header Files</Filter>
    </ClInclude>
    <ClInclude Include="..\..\ccmain\tesseractclass.h">
      <Filter>Header Files</Filter>
    </ClInclude>
    <ClInclude Include="..\..\ccmain\tessvars.h">
      <Filter>Header Files</Filter>
    </ClInclude>
    <ClInclude Include="..\..\textord\textlineprojection.h">
      <Filter>Header Files</Filter>
    </ClInclude>
    <ClInclude Include="..\..\textord\textord.h">
      <Filter>Header Files</Filter>
    </ClInclude>
    <ClInclude Include="..\..\ccmain\thresholder.h">
      <Filter>Header Files</Filter>
    </ClInclude>
    <ClInclude Include="..\..\textord\topitch.h">
      <Filter>Header Files</Filter>
    </ClInclude>
    <ClInclude Include="..\..\textord\tordmain.h">
      <Filter>Header Files</Filter>
    </ClInclude>
    <ClInclude Include="..\..\textord\tovars.h">
      <Filter>Header Files</Filter>
    </ClInclude>
    <ClInclude Include="..\..\ccutil\tprintf.h">
      <Filter>Header Files</Filter>
    </ClInclude>
    <ClInclude Include="..\..\classify\trainingsample.h">
      <Filter>Header Files</Filter>
    </ClInclude>
    <ClInclude Include="..\..\classify\trainingsampleset.h">
      <Filter>Header Files</Filter>
    </ClInclude>
    <ClInclude Include="..\..\dict\trie.h">
      <Filter>Header Files</Filter>
    </ClInclude>
    <ClInclude Include="..\..\cube\tuning_params.h">
      <Filter>Header Files</Filter>
    </ClInclude>
    <ClInclude Include="..\..\textord\underlin.h">
      <Filter>Header Files</Filter>
    </ClInclude>
    <ClInclude Include="..\..\ccutil\unichar.h">
      <Filter>Header Files</Filter>
    </ClInclude>
    <ClInclude Include="..\..\ccutil\unicharmap.h">
      <Filter>Header Files</Filter>
    </ClInclude>
    <ClInclude Include="..\..\ccutil\unicharset.h">
      <Filter>Header Files</Filter>
    </ClInclude>
    <ClInclude Include="..\..\ccutil\unicity_table.h">
      <Filter>Header Files</Filter>
    </ClInclude>
    <ClInclude Include="..\..\ccutil\unicodes.h">
      <Filter>Header Files</Filter>
    </ClInclude>
    <ClInclude Include="..\..\ccutil\universalambigs.h">
      <Filter>Header Files</Filter>
    </ClInclude>
    <ClInclude Include="..\..\ccstruct\vecfuncs.h">
      <Filter>Header Files</Filter>
    </ClInclude>
    <ClInclude Include="..\..\ccstruct\werd.h">
      <Filter>Header Files</Filter>
    </ClInclude>
    <ClInclude Include="..\..\ccmain\werdit.h">
      <Filter>Header Files</Filter>
    </ClInclude>
    <ClInclude Include="..\..\cube\word_list_lang_model.h">
      <Filter>Header Files</Filter>
    </ClInclude>
    <ClInclude Include="..\..\cube\word_size_model.h">
      <Filter>Header Files</Filter>
    </ClInclude>
    <ClInclude Include="..\..\cube\word_unigrams.h">
      <Filter>Header Files</Filter>
    </ClInclude>
    <ClInclude Include="..\..\wordrec\wordrec.h">
      <Filter>Header Files</Filter>
    </ClInclude>
    <ClInclude Include="..\..\textord\wordseg.h">
      <Filter>Header Files</Filter>
    </ClInclude>
    <ClInclude Include="..\..\textord\workingpartset.h">
      <Filter>Header Files</Filter>
    </ClInclude>
    <ClInclude Include="..\..\ccstruct\imagedata.h">
      <Filter>Header Files</Filter>
    </ClInclude>
  </ItemGroup>
  <ItemGroup>
    <Filter Include="Source Files">
      <UniqueIdentifier>{df5a77a2-95e6-4c3d-a8ff-17c102dc47a3}</UniqueIdentifier>
    </Filter>
    <Filter Include="Header Files">
      <UniqueIdentifier>{81873181-2448-481b-8a31-daedb240e410}</UniqueIdentifier>
    </Filter>
    <Filter Include="Resource Files">
      <UniqueIdentifier>{456a0027-7a61-4d9a-b150-841104208d04}</UniqueIdentifier>
    </Filter>
  </ItemGroup>
  <ItemGroup>
    <ResourceCompile Include="libtesseract.rc">
      <Filter>Resource Files</Filter>
    </ResourceCompile>
  </ItemGroup>
</Project>
