
Microsoft Visual Studio Solution File, Format Version 10.00
# Visual Studio 2008
Project("{8BC9CEB8-8B4A-11D0-8D11-00A0C91BC942}") = "libtesseract302", "libtesseract\libtesseract.vcproj", "{D14F28C7-0CAE-4C37-B174-40FDEFBD4FE0}"
EndProject
Project("{8BC9CEB8-8B4A-11D0-8D11-00A0C91BC942}") = "tesseract", "tesseract\tesseract.vcproj", "{C76996CB-C4CB-4D89-9F67-F605DF129618}"
	ProjectSection(ProjectDependencies) = postProject
		{D14F28C7-0CAE-4C37-B174-40FDEFBD4FE0} = {D14F28C7-0CAE-4C37-B174-40FDEFBD4FE0}
	EndProjectSection
EndProject
Project("{8BC9CEB8-8B4A-11D0-8D11-00A0C91BC942}") = "cntraining", "cntraining\cntraining.vcproj", "{C7EBAF02-E886-478F-A217-AC8FB3D58374}"
	ProjectSection(ProjectDependencies) = postProject
		{D14F28C7-0CAE-4C37-B174-40FDEFBD4FE0} = {D14F28C7-0CAE-4C37-B174-40FDEFBD4FE0}
	EndProjectSection
EndProject
Project("{8BC9CEB8-8B4A-11D0-8D11-00A0C91BC942}") = "combine_tessdata", "combine_tessdata\combine_tessdata.vcproj", "{5787B7FA-DB72-488C-BDB2-2E95503B526C}"
	ProjectSection(ProjectDependencies) = postProject
		{D14F28C7-0CAE-4C37-B174-40FDEFBD4FE0} = {D14F28C7-0CAE-4C37-B174-40FDEFBD4FE0}
	EndProjectSection
EndProject
Project("{8BC9CEB8-8B4A-11D0-8D11-00A0C91BC942}") = "mftraining", "mftraining\mftraining.vcproj", "{7CD94A0D-61EF-4A6C-8442-3D7E6AC03D88}"
	ProjectSection(ProjectDependencies) = postProject
		{D14F28C7-0CAE-4C37-B174-40FDEFBD4FE0} = {D14F28C7-0CAE-4C37-B174-40FDEFBD4FE0}
	EndProjectSection
EndProject
Project("{8BC9CEB8-8B4A-11D0-8D11-00A0C91BC942}") = "unicharset_extractor", "unicharset_extractor\unicharset_extractor.vcproj", "{1241F3FE-E168-4473-BFD3-4B5895DFDB46}"
	ProjectSection(ProjectDependencies) = postProject
		{D14F28C7-0CAE-4C37-B174-40FDEFBD4FE0} = {D14F28C7-0CAE-4C37-B174-40FDEFBD4FE0}
	EndProjectSection
EndProject
Project("{8BC9CEB8-8B4A-11D0-8D11-00A0C91BC942}") = "wordlist2dawg", "wordlist2dawg\wordlist2dawg.vcproj", "{B0078ECC-25FE-4724-B889-A0B9B6292F7D}"
	ProjectSection(ProjectDependencies) = postProject
		{D14F28C7-0CAE-4C37-B174-40FDEFBD4FE0} = {D14F28C7-0CAE-4C37-B174-40FDEFBD4FE0}
	EndProjectSection
EndProject
Project("{8BC9CEB8-8B4A-11D0-8D11-00A0C91BC942}") = "classifier_tester", "classifier_tester\classifier_tester.vcproj", "{E6FBC5FF-8D2F-4E9F-B0D2-3DDDCFB595E5}"
	ProjectSection(ProjectDependencies) = postProject
		{D14F28C7-0CAE-4C37-B174-40FDEFBD4FE0} = {D14F28C7-0CAE-4C37-B174-40FDEFBD4FE0}
	EndProjectSection
EndProject
Project("{8BC9CEB8-8B4A-11D0-8D11-00A0C91BC942}") = "dawg2wordlist", "dawg2wordlist\dawg2wordlist.vcproj", "{6343CFD6-8538-486E-97C6-9C47F0F7202B}"
	ProjectSection(ProjectDependencies) = postProject
		{D14F28C7-0CAE-4C37-B174-40FDEFBD4FE0} = {D14F28C7-0CAE-4C37-B174-40FDEFBD4FE0}
	EndProjectSection
EndProject
Project("{8BC9CEB8-8B4A-11D0-8D11-00A0C91BC942}") = "ambiguous_words", "ambiguous_words\ambiguous_words.vcproj", "{D9E202C0-DF5A-4AFA-BDC1-3E504EABB348}"
	ProjectSection(ProjectDependencies) = postProject
		{D14F28C7-0CAE-4C37-B174-40FDEFBD4FE0} = {D14F28C7-0CAE-4C37-B174-40FDEFBD4FE0}
	EndProjectSection
EndProject
Project("{8BC9CEB8-8B4A-11D0-8D11-00A0C91BC942}") = "shapeclustering", "shapeclustering\shapeclustering.vcproj", "{B1A80DBB-CBEF-4B1C-B0E6-1C49584CD904}"
	ProjectSection(ProjectDependencies) = postProject
		{D14F28C7-0CAE-4C37-B174-40FDEFBD4FE0} = {D14F28C7-0CAE-4C37-B174-40FDEFBD4FE0}
	EndProjectSection
EndProject
Global
	GlobalSection(SolutionConfigurationPlatforms) = preSolution
		DLL_Debug|Win32 = DLL_Debug|Win32
		DLL_Release|Win32 = DLL_Release|Win32
		LIB_Debug|Win32 = LIB_Debug|Win32
		LIB_Release|Win32 = LIB_Release|Win32
	EndGlobalSection
	GlobalSection(ProjectConfigurationPlatforms) = postSolution
		{D14F28C7-0CAE-4C37-B174-40FDEFBD4FE0}.DLL_Debug|Win32.ActiveCfg = DLL_Debug|Win32
		{D14F28C7-0CAE-4C37-B174-40FDEFBD4FE0}.DLL_Debug|Win32.Build.0 = DLL_Debug|Win32
		{D14F28C7-0CAE-4C37-B174-40FDEFBD4FE0}.DLL_Release|Win32.ActiveCfg = DLL_Release|Win32
		{D14F28C7-0CAE-4C37-B174-40FDEFBD4FE0}.DLL_Release|Win32.Build.0 = DLL_Release|Win32
		{D14F28C7-0CAE-4C37-B174-40FDEFBD4FE0}.LIB_Debug|Win32.ActiveCfg = LIB_Debug|Win32
		{D14F28C7-0CAE-4C37-B174-40FDEFBD4FE0}.LIB_Debug|Win32.Build.0 = LIB_Debug|Win32
		{D14F28C7-0CAE-4C37-B174-40FDEFBD4FE0}.LIB_Release|Win32.ActiveCfg = LIB_Release|Win32
		{D14F28C7-0CAE-4C37-B174-40FDEFBD4FE0}.LIB_Release|Win32.Build.0 = LIB_Release|Win32
		{C76996CB-C4CB-4D89-9F67-F605DF129618}.DLL_Debug|Win32.ActiveCfg = DLL_Debug|Win32
		{C76996CB-C4CB-4D89-9F67-F605DF129618}.DLL_Debug|Win32.Build.0 = DLL_Debug|Win32
		{C76996CB-C4CB-4D89-9F67-F605DF129618}.DLL_Release|Win32.ActiveCfg = DLL_Release|Win32
		{C76996CB-C4CB-4D89-9F67-F605DF129618}.DLL_Release|Win32.Build.0 = DLL_Release|Win32
		{C76996CB-C4CB-4D89-9F67-F605DF129618}.LIB_Debug|Win32.ActiveCfg = LIB_Debug|Win32
		{C76996CB-C4CB-4D89-9F67-F605DF129618}.LIB_Debug|Win32.Build.0 = LIB_Debug|Win32
		{C76996CB-C4CB-4D89-9F67-F605DF129618}.LIB_Release|Win32.ActiveCfg = LIB_Release|Win32
		{C76996CB-C4CB-4D89-9F67-F605DF129618}.LIB_Release|Win32.Build.0 = LIB_Release|Win32
		{C7EBAF02-E886-478F-A217-AC8FB3D58374}.DLL_Debug|Win32.ActiveCfg = LIB_Debug|Win32
		{C7EBAF02-E886-478F-A217-AC8FB3D58374}.DLL_Release|Win32.ActiveCfg = LIB_Release|Win32
		{C7EBAF02-E886-478F-A217-AC8FB3D58374}.LIB_Debug|Win32.ActiveCfg = LIB_Debug|Win32
		{C7EBAF02-E886-478F-A217-AC8FB3D58374}.LIB_Debug|Win32.Build.0 = LIB_Debug|Win32
		{C7EBAF02-E886-478F-A217-AC8FB3D58374}.LIB_Release|Win32.ActiveCfg = LIB_Release|Win32
		{C7EBAF02-E886-478F-A217-AC8FB3D58374}.LIB_Release|Win32.Build.0 = LIB_Release|Win32
		{5787B7FA-DB72-488C-BDB2-2E95503B526C}.DLL_Debug|Win32.ActiveCfg = LIB_Debug|Win32
		{5787B7FA-DB72-488C-BDB2-2E95503B526C}.DLL_Release|Win32.ActiveCfg = LIB_Release|Win32
		{5787B7FA-DB72-488C-BDB2-2E95503B526C}.LIB_Debug|Win32.ActiveCfg = LIB_Debug|Win32
		{5787B7FA-DB72-488C-BDB2-2E95503B526C}.LIB_Debug|Win32.Build.0 = LIB_Debug|Win32
		{5787B7FA-DB72-488C-BDB2-2E95503B526C}.LIB_Release|Win32.ActiveCfg = LIB_Release|Win32
		{5787B7FA-DB72-488C-BDB2-2E95503B526C}.LIB_Release|Win32.Build.0 = LIB_Release|Win32
		{7CD94A0D-61EF-4A6C-8442-3D7E6AC03D88}.DLL_Debug|Win32.ActiveCfg = LIB_Debug|Win32
		{7CD94A0D-61EF-4A6C-8442-3D7E6AC03D88}.DLL_Release|Win32.ActiveCfg = LIB_Release|Win32
		{7CD94A0D-61EF-4A6C-8442-3D7E6AC03D88}.LIB_Debug|Win32.ActiveCfg = LIB_Debug|Win32
		{7CD94A0D-61EF-4A6C-8442-3D7E6AC03D88}.LIB_Debug|Win32.Build.0 = LIB_Debug|Win32
		{7CD94A0D-61EF-4A6C-8442-3D7E6AC03D88}.LIB_Release|Win32.ActiveCfg = LIB_Release|Win32
		{7CD94A0D-61EF-4A6C-8442-3D7E6AC03D88}.LIB_Release|Win32.Build.0 = LIB_Release|Win32
		{1241F3FE-E168-4473-BFD3-4B5895DFDB46}.DLL_Debug|Win32.ActiveCfg = LIB_Debug|Win32
		{1241F3FE-E168-4473-BFD3-4B5895DFDB46}.DLL_Release|Win32.ActiveCfg = LIB_Release|Win32
		{1241F3FE-E168-4473-BFD3-4B5895DFDB46}.LIB_Debug|Win32.ActiveCfg = LIB_Debug|Win32
		{1241F3FE-E168-4473-BFD3-4B5895DFDB46}.LIB_Debug|Win32.Build.0 = LIB_Debug|Win32
		{1241F3FE-E168-4473-BFD3-4B5895DFDB46}.LIB_Release|Win32.ActiveCfg = LIB_Release|Win32
		{1241F3FE-E168-4473-BFD3-4B5895DFDB46}.LIB_Release|Win32.Build.0 = LIB_Release|Win32
		{B0078ECC-25FE-4724-B889-A0B9B6292F7D}.DLL_Debug|Win32.ActiveCfg = LIB_Debug|Win32
		{B0078ECC-25FE-4724-B889-A0B9B6292F7D}.DLL_Release|Win32.ActiveCfg = LIB_Release|Win32
		{B0078ECC-25FE-4724-B889-A0B9B6292F7D}.LIB_Debug|Win32.ActiveCfg = LIB_Debug|Win32
		{B0078ECC-25FE-4724-B889-A0B9B6292F7D}.LIB_Debug|Win32.Build.0 = LIB_Debug|Win32
		{B0078ECC-25FE-4724-B889-A0B9B6292F7D}.LIB_Release|Win32.ActiveCfg = LIB_Release|Win32
		{B0078ECC-25FE-4724-B889-A0B9B6292F7D}.LIB_Release|Win32.Build.0 = LIB_Release|Win32
		{E6FBC5FF-8D2F-4E9F-B0D2-3DDDCFB595E5}.DLL_Debug|Win32.ActiveCfg = LIB_Debug|Win32
		{E6FBC5FF-8D2F-4E9F-B0D2-3DDDCFB595E5}.DLL_Release|Win32.ActiveCfg = LIB_Release|Win32
		{E6FBC5FF-8D2F-4E9F-B0D2-3DDDCFB595E5}.LIB_Debug|Win32.ActiveCfg = LIB_Debug|Win32
		{E6FBC5FF-8D2F-4E9F-B0D2-3DDDCFB595E5}.LIB_Debug|Win32.Build.0 = LIB_Debug|Win32
		{E6FBC5FF-8D2F-4E9F-B0D2-3DDDCFB595E5}.LIB_Release|Win32.ActiveCfg = LIB_Release|Win32
		{E6FBC5FF-8D2F-4E9F-B0D2-3DDDCFB595E5}.LIB_Release|Win32.Build.0 = LIB_Release|Win32
		{6343CFD6-8538-486E-97C6-9C47F0F7202B}.DLL_Debug|Win32.ActiveCfg = LIB_Debug|Win32
		{6343CFD6-8538-486E-97C6-9C47F0F7202B}.DLL_Release|Win32.ActiveCfg = LIB_Release|Win32
		{6343CFD6-8538-486E-97C6-9C47F0F7202B}.LIB_Debug|Win32.ActiveCfg = LIB_Debug|Win32
		{6343CFD6-8538-486E-97C6-9C47F0F7202B}.LIB_Debug|Win32.Build.0 = LIB_Debug|Win32
		{6343CFD6-8538-486E-97C6-9C47F0F7202B}.LIB_Release|Win32.ActiveCfg = LIB_Release|Win32
		{6343CFD6-8538-486E-97C6-9C47F0F7202B}.LIB_Release|Win32.Build.0 = LIB_Release|Win32
		{D9E202C0-DF5A-4AFA-BDC1-3E504EABB348}.DLL_Debug|Win32.ActiveCfg = LIB_Debug|Win32
		{D9E202C0-DF5A-4AFA-BDC1-3E504EABB348}.DLL_Release|Win32.ActiveCfg = LIB_Release|Win32
		{D9E202C0-DF5A-4AFA-BDC1-3E504EABB348}.LIB_Debug|Win32.ActiveCfg = LIB_Debug|Win32
		{D9E202C0-DF5A-4AFA-BDC1-3E504EABB348}.LIB_Debug|Win32.Build.0 = LIB_Debug|Win32
		{D9E202C0-DF5A-4AFA-BDC1-3E504EABB348}.LIB_Release|Win32.ActiveCfg = LIB_Release|Win32
		{D9E202C0-DF5A-4AFA-BDC1-3E504EABB348}.LIB_Release|Win32.Build.0 = LIB_Release|Win32
		{B1A80DBB-CBEF-4B1C-B0E6-1C49584CD904}.DLL_Debug|Win32.ActiveCfg = LIB_Debug|Win32
		{B1A80DBB-CBEF-4B1C-B0E6-1C49584CD904}.DLL_Release|Win32.ActiveCfg = LIB_Release|Win32
		{B1A80DBB-CBEF-4B1C-B0E6-1C49584CD904}.LIB_Debug|Win32.ActiveCfg = LIB_Debug|Win32
		{B1A80DBB-CBEF-4B1C-B0E6-1C49584CD904}.LIB_Debug|Win32.Build.0 = LIB_Debug|Win32
		{B1A80DBB-CBEF-4B1C-B0E6-1C49584CD904}.LIB_Release|Win32.ActiveCfg = LIB_Release|Win32
		{B1A80DBB-CBEF-4B1C-B0E6-1C49584CD904}.LIB_Release|Win32.Build.0 = LIB_Release|Win32
	EndGlobalSection
	GlobalSection(SolutionProperties) = preSolution
		HideSolutionNode = FALSE
	EndGlobalSection
EndGlobal
