
Microsoft Visual Studio Solution File, Format Version 10.00
# Visual C++ Express 2008
Project("{8BC9CEB8-8B4A-11D0-8D11-00A0C91BC942}") = "cntraining", "cntraining.vcproj", "{1AC769A4-E98E-48B9-B87B-90D7837031FA}"
	ProjectSection(ProjectDependencies) = postProject
		{8784A544-7616-4E56-8485-277A2F387ECA} = {8784A544-7616-4E56-8485-277A2F387ECA}
		{0BDEFC56-679F-436E-A089-81FCAEBA50F3} = {0BDEFC56-679F-436E-A089-81FCAEBA50F3}
		{2C106C68-62EE-43D2-B372-3BDFF6125AD1} = {2C106C68-62EE-43D2-B372-3BDFF6125AD1}
		{CE11FF6E-60D3-4E61-AFE2-F8F501100238} = {CE11FF6E-60D3-4E61-AFE2-F8F501100238}
		{DF2FA86F-A663-4805-AED7-2F81D9EAC796} = {DF2FA86F-A663-4805-AED7-2F81D9EAC796}
		{454A6BAE-5F8A-461A-B8C3-5AAA531006F3} = {454A6BAE-5F8A-461A-B8C3-5AAA531006F3}
		{C7C7FBB5-7082-428C-8F81-8FBA7A37AC85} = {C7C7FBB5-7082-428C-8F81-8FBA7A37AC85}
		{1D62F8BB-31D7-4BBF-A4DA-619A29675D06} = {1D62F8BB-31D7-4BBF-A4DA-619A29675D06}
		{D67B17CC-4AE5-4356-91F6-00E265942A56} = {D67B17CC-4AE5-4356-91F6-00E265942A56}
	EndProjectSection
EndProject
Project("{8BC9CEB8-8B4A-11D0-8D11-00A0C91BC942}") = "mftraining", "mftraining.vcproj", "{EC8A9E75-C66E-4320-9D91-97F53ED7021B}"
	ProjectSection(ProjectDependencies) = postProject
		{8784A544-7616-4E56-8485-277A2F387ECA} = {8784A544-7616-4E56-8485-277A2F387ECA}
		{0BDEFC56-679F-436E-A089-81FCAEBA50F3} = {0BDEFC56-679F-436E-A089-81FCAEBA50F3}
		{2C106C68-62EE-43D2-B372-3BDFF6125AD1} = {2C106C68-62EE-43D2-B372-3BDFF6125AD1}
		{CE11FF6E-60D3-4E61-AFE2-F8F501100238} = {CE11FF6E-60D3-4E61-AFE2-F8F501100238}
		{DF2FA86F-A663-4805-AED7-2F81D9EAC796} = {DF2FA86F-A663-4805-AED7-2F81D9EAC796}
		{454A6BAE-5F8A-461A-B8C3-5AAA531006F3} = {454A6BAE-5F8A-461A-B8C3-5AAA531006F3}
		{C7C7FBB5-7082-428C-8F81-8FBA7A37AC85} = {C7C7FBB5-7082-428C-8F81-8FBA7A37AC85}
		{1D62F8BB-31D7-4BBF-A4DA-619A29675D06} = {1D62F8BB-31D7-4BBF-A4DA-619A29675D06}
		{D67B17CC-4AE5-4356-91F6-00E265942A56} = {D67B17CC-4AE5-4356-91F6-00E265942A56}
	EndProjectSection
EndProject
Project("{8BC9CEB8-8B4A-11D0-8D11-00A0C91BC942}") = "tesseract", "tesseract.vcproj", "{47519557-3296-407A-BE51-8175C77B0868}"
	ProjectSection(ProjectDependencies) = postProject
		{EFE93017-B435-46EA-9199-1C83A869595A} = {EFE93017-B435-46EA-9199-1C83A869595A}
		{C2342D39-FD84-4448-A050-7FF3B4A33F3D} = {C2342D39-FD84-4448-A050-7FF3B4A33F3D}
		{0BDEFC56-679F-436E-A089-81FCAEBA50F3} = {0BDEFC56-679F-436E-A089-81FCAEBA50F3}
		{CC778B5F-7B9B-4466-9E9A-B8222C6FF16F} = {CC778B5F-7B9B-4466-9E9A-B8222C6FF16F}
		{2C106C68-62EE-43D2-B372-3BDFF6125AD1} = {2C106C68-62EE-43D2-B372-3BDFF6125AD1}
		{CE11FF6E-60D3-4E61-AFE2-F8F501100238} = {CE11FF6E-60D3-4E61-AFE2-F8F501100238}
		{DF2FA86F-A663-4805-AED7-2F81D9EAC796} = {DF2FA86F-A663-4805-AED7-2F81D9EAC796}
		{D5C6C872-4561-452D-BCFA-EF9441F95309} = {D5C6C872-4561-452D-BCFA-EF9441F95309}
		{2EDB497A-E9CF-40E6-A8F2-B001D895A8AE} = {2EDB497A-E9CF-40E6-A8F2-B001D895A8AE}
		{C7C7FBB5-7082-428C-8F81-8FBA7A37AC85} = {C7C7FBB5-7082-428C-8F81-8FBA7A37AC85}
		{1D62F8BB-31D7-4BBF-A4DA-619A29675D06} = {1D62F8BB-31D7-4BBF-A4DA-619A29675D06}
		{D67B17CC-4AE5-4356-91F6-00E265942A56} = {D67B17CC-4AE5-4356-91F6-00E265942A56}
	EndProjectSection
EndProject
Project("{8BC9CEB8-8B4A-11D0-8D11-00A0C91BC942}") = "unicharset_extractor", "unicharset_extractor.vcproj", "{06878883-8785-4C71-89B6-47CEDA3CD300}"
	ProjectSection(ProjectDependencies) = postProject
		{8784A544-7616-4E56-8485-277A2F387ECA} = {8784A544-7616-4E56-8485-277A2F387ECA}
		{DF2FA86F-A663-4805-AED7-2F81D9EAC796} = {DF2FA86F-A663-4805-AED7-2F81D9EAC796}
	EndProjectSection
EndProject
Project("{8BC9CEB8-8B4A-11D0-8D11-00A0C91BC942}") = "wordlist2dawg", "wordlist2dawg.vcproj", "{5B6DC93B-30BE-4E8E-A396-3970A83CB74B}"
	ProjectSection(ProjectDependencies) = postProject
		{0BDEFC56-679F-436E-A089-81FCAEBA50F3} = {0BDEFC56-679F-436E-A089-81FCAEBA50F3}
		{2C106C68-62EE-43D2-B372-3BDFF6125AD1} = {2C106C68-62EE-43D2-B372-3BDFF6125AD1}
		{CE11FF6E-60D3-4E61-AFE2-F8F501100238} = {CE11FF6E-60D3-4E61-AFE2-F8F501100238}
		{DF2FA86F-A663-4805-AED7-2F81D9EAC796} = {DF2FA86F-A663-4805-AED7-2F81D9EAC796}
		{C7C7FBB5-7082-428C-8F81-8FBA7A37AC85} = {C7C7FBB5-7082-428C-8F81-8FBA7A37AC85}
		{1D62F8BB-31D7-4BBF-A4DA-619A29675D06} = {1D62F8BB-31D7-4BBF-A4DA-619A29675D06}
		{D67B17CC-4AE5-4356-91F6-00E265942A56} = {D67B17CC-4AE5-4356-91F6-00E265942A56}
	EndProjectSection
EndProject
Project("{8BC9CEB8-8B4A-11D0-8D11-00A0C91BC942}") = "ccutil", "ccutil.vcproj", "{DF2FA86F-A663-4805-AED7-2F81D9EAC796}"
EndProject
Project("{8BC9CEB8-8B4A-11D0-8D11-00A0C91BC942}") = "viewer", "viewer.vcproj", "{CE11FF6E-60D3-4E61-AFE2-F8F501100238}"
EndProject
Project("{8BC9CEB8-8B4A-11D0-8D11-00A0C91BC942}") = "cutil", "cutil.vcproj", "{0BDEFC56-679F-436E-A089-81FCAEBA50F3}"
EndProject
Project("{8BC9CEB8-8B4A-11D0-8D11-00A0C91BC942}") = "image", "image.vcproj", "{2C106C68-62EE-43D2-B372-3BDFF6125AD1}"
EndProject
Project("{8BC9CEB8-8B4A-11D0-8D11-00A0C91BC942}") = "ccstruct", "ccstruct.vcproj", "{1D62F8BB-31D7-4BBF-A4DA-619A29675D06}"
EndProject
Project("{8BC9CEB8-8B4A-11D0-8D11-00A0C91BC942}") = "dict", "dict.vcproj", "{D67B17CC-4AE5-4356-91F6-00E265942A56}"
EndProject
Project("{8BC9CEB8-8B4A-11D0-8D11-00A0C91BC942}") = "classify", "classify.vcproj", "{C7C7FBB5-7082-428C-8F81-8FBA7A37AC85}"
EndProject
Project("{8BC9CEB8-8B4A-11D0-8D11-00A0C91BC942}") = "wordrec", "wordrec.vcproj", "{C2342D39-FD84-4448-A050-7FF3B4A33F3D}"
EndProject
Project("{8BC9CEB8-8B4A-11D0-8D11-00A0C91BC942}") = "textord", "textord.vcproj", "{D5C6C872-4561-452D-BCFA-EF9441F95309}"
EndProject
Project("{8BC9CEB8-8B4A-11D0-8D11-00A0C91BC942}") = "ccmain", "ccmain.vcproj", "{EFE93017-B435-46EA-9199-1C83A869595A}"
EndProject
Project("{8BC9CEB8-8B4A-11D0-8D11-00A0C91BC942}") = "combine_tessdata", "combine_tessdata.vcproj", "{3FB6B4AB-F35C-4E04-8EF7-B68906E50C6D}"
	ProjectSection(ProjectDependencies) = postProject
		{DF2FA86F-A663-4805-AED7-2F81D9EAC796} = {DF2FA86F-A663-4805-AED7-2F81D9EAC796}
	EndProjectSection
EndProject
Project("{8BC9CEB8-8B4A-11D0-8D11-00A0C91BC942}") = "neural_networks", "neural_networks.vcproj", "{2EDB497A-E9CF-40E6-A8F2-B001D895A8AE}"
EndProject
Project("{8BC9CEB8-8B4A-11D0-8D11-00A0C91BC942}") = "cube", "cube.vcproj", "{CC778B5F-7B9B-4466-9E9A-B8222C6FF16F}"
EndProject
Project("{8BC9CEB8-8B4A-11D0-8D11-00A0C91BC942}") = "libtesseract_tessopt", "libtesseract_tessopt.vcproj", "{8784A544-7616-4E56-8485-277A2F387ECA}"
EndProject
Project("{8BC9CEB8-8B4A-11D0-8D11-00A0C91BC942}") = "libtesseract_training", "libtesseract_training.vcproj", "{454A6BAE-5F8A-461A-B8C3-5AAA531006F3}"
EndProject
Global
	GlobalSection(SolutionConfigurationPlatforms) = preSolution
		Debug|Win32 = Debug|Win32
		Release.dynamic|Win32 = Release.dynamic|Win32
		Release.static|Win32 = Release.static|Win32
	EndGlobalSection
	GlobalSection(ProjectConfigurationPlatforms) = postSolution
		{1AC769A4-E98E-48B9-B87B-90D7837031FA}.Debug|Win32.ActiveCfg = Debug|Win32
		{1AC769A4-E98E-48B9-B87B-90D7837031FA}.Debug|Win32.Build.0 = Debug|Win32
		{1AC769A4-E98E-48B9-B87B-90D7837031FA}.Release.dynamic|Win32.ActiveCfg = Release.dynamic|Win32
		{1AC769A4-E98E-48B9-B87B-90D7837031FA}.Release.dynamic|Win32.Build.0 = Release.dynamic|Win32
		{1AC769A4-E98E-48B9-B87B-90D7837031FA}.Release.static|Win32.ActiveCfg = Release|Win32
		{1AC769A4-E98E-48B9-B87B-90D7837031FA}.Release.static|Win32.Build.0 = Release|Win32
		{EC8A9E75-C66E-4320-9D91-97F53ED7021B}.Debug|Win32.ActiveCfg = Debug|Win32
		{EC8A9E75-C66E-4320-9D91-97F53ED7021B}.Debug|Win32.Build.0 = Debug|Win32
		{EC8A9E75-C66E-4320-9D91-97F53ED7021B}.Release.dynamic|Win32.ActiveCfg = Release.dynamic|Win32
		{EC8A9E75-C66E-4320-9D91-97F53ED7021B}.Release.dynamic|Win32.Build.0 = Release.dynamic|Win32
		{EC8A9E75-C66E-4320-9D91-97F53ED7021B}.Release.static|Win32.ActiveCfg = Release|Win32
		{EC8A9E75-C66E-4320-9D91-97F53ED7021B}.Release.static|Win32.Build.0 = Release|Win32
		{47519557-3296-407A-BE51-8175C77B0868}.Debug|Win32.ActiveCfg = Debug|Win32
		{47519557-3296-407A-BE51-8175C77B0868}.Debug|Win32.Build.0 = Debug|Win32
		{47519557-3296-407A-BE51-8175C77B0868}.Release.dynamic|Win32.ActiveCfg = Release.dynamic|Win32
		{47519557-3296-407A-BE51-8175C77B0868}.Release.dynamic|Win32.Build.0 = Release.dynamic|Win32
		{47519557-3296-407A-BE51-8175C77B0868}.Release.static|Win32.ActiveCfg = Release|Win32
		{47519557-3296-407A-BE51-8175C77B0868}.Release.static|Win32.Build.0 = Release|Win32
		{06878883-8785-4C71-89B6-47CEDA3CD300}.Debug|Win32.ActiveCfg = Debug|Win32
		{06878883-8785-4C71-89B6-47CEDA3CD300}.Debug|Win32.Build.0 = Debug|Win32
		{06878883-8785-4C71-89B6-47CEDA3CD300}.Release.dynamic|Win32.ActiveCfg = Release.dynamic|Win32
		{06878883-8785-4C71-89B6-47CEDA3CD300}.Release.dynamic|Win32.Build.0 = Release.dynamic|Win32
		{06878883-8785-4C71-89B6-47CEDA3CD300}.Release.static|Win32.ActiveCfg = Release|Win32
		{06878883-8785-4C71-89B6-47CEDA3CD300}.Release.static|Win32.Build.0 = Release|Win32
		{5B6DC93B-30BE-4E8E-A396-3970A83CB74B}.Debug|Win32.ActiveCfg = Debug|Win32
		{5B6DC93B-30BE-4E8E-A396-3970A83CB74B}.Debug|Win32.Build.0 = Debug|Win32
		{5B6DC93B-30BE-4E8E-A396-3970A83CB74B}.Release.dynamic|Win32.ActiveCfg = Release.dynamic|Win32
		{5B6DC93B-30BE-4E8E-A396-3970A83CB74B}.Release.dynamic|Win32.Build.0 = Release.dynamic|Win32
		{5B6DC93B-30BE-4E8E-A396-3970A83CB74B}.Release.static|Win32.ActiveCfg = Release|Win32
		{5B6DC93B-30BE-4E8E-A396-3970A83CB74B}.Release.static|Win32.Build.0 = Release|Win32
		{DF2FA86F-A663-4805-AED7-2F81D9EAC796}.Debug|Win32.ActiveCfg = Debug|Win32
		{DF2FA86F-A663-4805-AED7-2F81D9EAC796}.Debug|Win32.Build.0 = Debug|Win32
		{DF2FA86F-A663-4805-AED7-2F81D9EAC796}.Release.dynamic|Win32.ActiveCfg = Release.dynamic|Win32
		{DF2FA86F-A663-4805-AED7-2F81D9EAC796}.Release.dynamic|Win32.Build.0 = Release.dynamic|Win32
		{DF2FA86F-A663-4805-AED7-2F81D9EAC796}.Release.static|Win32.ActiveCfg = Release|Win32
		{DF2FA86F-A663-4805-AED7-2F81D9EAC796}.Release.static|Win32.Build.0 = Release|Win32
		{CE11FF6E-60D3-4E61-AFE2-F8F501100238}.Debug|Win32.ActiveCfg = Debug|Win32
		{CE11FF6E-60D3-4E61-AFE2-F8F501100238}.Debug|Win32.Build.0 = Debug|Win32
		{CE11FF6E-60D3-4E61-AFE2-F8F501100238}.Release.dynamic|Win32.ActiveCfg = Release.dynamic|Win32
		{CE11FF6E-60D3-4E61-AFE2-F8F501100238}.Release.dynamic|Win32.Build.0 = Release.dynamic|Win32
		{CE11FF6E-60D3-4E61-AFE2-F8F501100238}.Release.static|Win32.ActiveCfg = Release|Win32
		{CE11FF6E-60D3-4E61-AFE2-F8F501100238}.Release.static|Win32.Build.0 = Release|Win32
		{0BDEFC56-679F-436E-A089-81FCAEBA50F3}.Debug|Win32.ActiveCfg = Debug|Win32
		{0BDEFC56-679F-436E-A089-81FCAEBA50F3}.Debug|Win32.Build.0 = Debug|Win32
		{0BDEFC56-679F-436E-A089-81FCAEBA50F3}.Release.dynamic|Win32.ActiveCfg = Release.dynamic|Win32
		{0BDEFC56-679F-436E-A089-81FCAEBA50F3}.Release.dynamic|Win32.Build.0 = Release.dynamic|Win32
		{0BDEFC56-679F-436E-A089-81FCAEBA50F3}.Release.static|Win32.ActiveCfg = Release|Win32
		{0BDEFC56-679F-436E-A089-81FCAEBA50F3}.Release.static|Win32.Build.0 = Release|Win32
		{2C106C68-62EE-43D2-B372-3BDFF6125AD1}.Debug|Win32.ActiveCfg = Debug|Win32
		{2C106C68-62EE-43D2-B372-3BDFF6125AD1}.Debug|Win32.Build.0 = Debug|Win32
		{2C106C68-62EE-43D2-B372-3BDFF6125AD1}.Release.dynamic|Win32.ActiveCfg = Release.dynamic|Win32
		{2C106C68-62EE-43D2-B372-3BDFF6125AD1}.Release.dynamic|Win32.Build.0 = Release.dynamic|Win32
		{2C106C68-62EE-43D2-B372-3BDFF6125AD1}.Release.static|Win32.ActiveCfg = Release|Win32
		{2C106C68-62EE-43D2-B372-3BDFF6125AD1}.Release.static|Win32.Build.0 = Release|Win32
		{1D62F8BB-31D7-4BBF-A4DA-619A29675D06}.Debug|Win32.ActiveCfg = Debug|Win32
		{1D62F8BB-31D7-4BBF-A4DA-619A29675D06}.Debug|Win32.Build.0 = Debug|Win32
		{1D62F8BB-31D7-4BBF-A4DA-619A29675D06}.Release.dynamic|Win32.ActiveCfg = Release.dynamic|Win32
		{1D62F8BB-31D7-4BBF-A4DA-619A29675D06}.Release.dynamic|Win32.Build.0 = Release.dynamic|Win32
		{1D62F8BB-31D7-4BBF-A4DA-619A29675D06}.Release.static|Win32.ActiveCfg = Release|Win32
		{1D62F8BB-31D7-4BBF-A4DA-619A29675D06}.Release.static|Win32.Build.0 = Release|Win32
		{D67B17CC-4AE5-4356-91F6-00E265942A56}.Debug|Win32.ActiveCfg = Debug|Win32
		{D67B17CC-4AE5-4356-91F6-00E265942A56}.Debug|Win32.Build.0 = Debug|Win32
		{D67B17CC-4AE5-4356-91F6-00E265942A56}.Release.dynamic|Win32.ActiveCfg = Release.dynamic|Win32
		{D67B17CC-4AE5-4356-91F6-00E265942A56}.Release.dynamic|Win32.Build.0 = Release.dynamic|Win32
		{D67B17CC-4AE5-4356-91F6-00E265942A56}.Release.static|Win32.ActiveCfg = Release|Win32
		{D67B17CC-4AE5-4356-91F6-00E265942A56}.Release.static|Win32.Build.0 = Release|Win32
		{C7C7FBB5-7082-428C-8F81-8FBA7A37AC85}.Debug|Win32.ActiveCfg = Debug|Win32
		{C7C7FBB5-7082-428C-8F81-8FBA7A37AC85}.Debug|Win32.Build.0 = Debug|Win32
		{C7C7FBB5-7082-428C-8F81-8FBA7A37AC85}.Release.dynamic|Win32.ActiveCfg = Release.dynamic|Win32
		{C7C7FBB5-7082-428C-8F81-8FBA7A37AC85}.Release.dynamic|Win32.Build.0 = Release.dynamic|Win32
		{C7C7FBB5-7082-428C-8F81-8FBA7A37AC85}.Release.static|Win32.ActiveCfg = Release|Win32
		{C7C7FBB5-7082-428C-8F81-8FBA7A37AC85}.Release.static|Win32.Build.0 = Release|Win32
		{C2342D39-FD84-4448-A050-7FF3B4A33F3D}.Debug|Win32.ActiveCfg = Debug|Win32
		{C2342D39-FD84-4448-A050-7FF3B4A33F3D}.Debug|Win32.Build.0 = Debug|Win32
		{C2342D39-FD84-4448-A050-7FF3B4A33F3D}.Release.dynamic|Win32.ActiveCfg = Release.dynamic|Win32
		{C2342D39-FD84-4448-A050-7FF3B4A33F3D}.Release.dynamic|Win32.Build.0 = Release.dynamic|Win32
		{C2342D39-FD84-4448-A050-7FF3B4A33F3D}.Release.static|Win32.ActiveCfg = Release|Win32
		{C2342D39-FD84-4448-A050-7FF3B4A33F3D}.Release.static|Win32.Build.0 = Release|Win32
		{D5C6C872-4561-452D-BCFA-EF9441F95309}.Debug|Win32.ActiveCfg = Debug|Win32
		{D5C6C872-4561-452D-BCFA-EF9441F95309}.Debug|Win32.Build.0 = Debug|Win32
		{D5C6C872-4561-452D-BCFA-EF9441F95309}.Release.dynamic|Win32.ActiveCfg = Release.dynamic|Win32
		{D5C6C872-4561-452D-BCFA-EF9441F95309}.Release.dynamic|Win32.Build.0 = Release.dynamic|Win32
		{D5C6C872-4561-452D-BCFA-EF9441F95309}.Release.static|Win32.ActiveCfg = Release|Win32
		{D5C6C872-4561-452D-BCFA-EF9441F95309}.Release.static|Win32.Build.0 = Release|Win32
		{EFE93017-B435-46EA-9199-1C83A869595A}.Debug|Win32.ActiveCfg = Debug|Win32
		{EFE93017-B435-46EA-9199-1C83A869595A}.Debug|Win32.Build.0 = Debug|Win32
		{EFE93017-B435-46EA-9199-1C83A869595A}.Release.dynamic|Win32.ActiveCfg = Release.dynamic|Win32
		{EFE93017-B435-46EA-9199-1C83A869595A}.Release.dynamic|Win32.Build.0 = Release.dynamic|Win32
		{EFE93017-B435-46EA-9199-1C83A869595A}.Release.static|Win32.ActiveCfg = Release|Win32
		{EFE93017-B435-46EA-9199-1C83A869595A}.Release.static|Win32.Build.0 = Release|Win32
		{3FB6B4AB-F35C-4E04-8EF7-B68906E50C6D}.Debug|Win32.ActiveCfg = Debug|Win32
		{3FB6B4AB-F35C-4E04-8EF7-B68906E50C6D}.Debug|Win32.Build.0 = Debug|Win32
		{3FB6B4AB-F35C-4E04-8EF7-B68906E50C6D}.Release.dynamic|Win32.ActiveCfg = Release.dynamic|Win32
		{3FB6B4AB-F35C-4E04-8EF7-B68906E50C6D}.Release.dynamic|Win32.Build.0 = Release.dynamic|Win32
		{3FB6B4AB-F35C-4E04-8EF7-B68906E50C6D}.Release.static|Win32.ActiveCfg = Release|Win32
		{3FB6B4AB-F35C-4E04-8EF7-B68906E50C6D}.Release.static|Win32.Build.0 = Release|Win32
		{2EDB497A-E9CF-40E6-A8F2-B001D895A8AE}.Debug|Win32.ActiveCfg = Debug|Win32
		{2EDB497A-E9CF-40E6-A8F2-B001D895A8AE}.Debug|Win32.Build.0 = Debug|Win32
		{2EDB497A-E9CF-40E6-A8F2-B001D895A8AE}.Release.dynamic|Win32.ActiveCfg = Release.dynamic|Win32
		{2EDB497A-E9CF-40E6-A8F2-B001D895A8AE}.Release.dynamic|Win32.Build.0 = Release.dynamic|Win32
		{2EDB497A-E9CF-40E6-A8F2-B001D895A8AE}.Release.static|Win32.ActiveCfg = Release|Win32
		{2EDB497A-E9CF-40E6-A8F2-B001D895A8AE}.Release.static|Win32.Build.0 = Release|Win32
		{CC778B5F-7B9B-4466-9E9A-B8222C6FF16F}.Debug|Win32.ActiveCfg = Debug|Win32
		{CC778B5F-7B9B-4466-9E9A-B8222C6FF16F}.Debug|Win32.Build.0 = Debug|Win32
		{CC778B5F-7B9B-4466-9E9A-B8222C6FF16F}.Release.dynamic|Win32.ActiveCfg = Release.dynamic|Win32
		{CC778B5F-7B9B-4466-9E9A-B8222C6FF16F}.Release.dynamic|Win32.Build.0 = Release.dynamic|Win32
		{CC778B5F-7B9B-4466-9E9A-B8222C6FF16F}.Release.static|Win32.ActiveCfg = Release|Win32
		{CC778B5F-7B9B-4466-9E9A-B8222C6FF16F}.Release.static|Win32.Build.0 = Release|Win32
		{8784A544-7616-4E56-8485-277A2F387ECA}.Debug|Win32.ActiveCfg = Debug|Win32
		{8784A544-7616-4E56-8485-277A2F387ECA}.Debug|Win32.Build.0 = Debug|Win32
		{8784A544-7616-4E56-8485-277A2F387ECA}.Release.dynamic|Win32.ActiveCfg = Release.dynamic|Win32
		{8784A544-7616-4E56-8485-277A2F387ECA}.Release.dynamic|Win32.Build.0 = Release.dynamic|Win32
		{8784A544-7616-4E56-8485-277A2F387ECA}.Release.static|Win32.ActiveCfg = Release|Win32
		{8784A544-7616-4E56-8485-277A2F387ECA}.Release.static|Win32.Build.0 = Release|Win32
		{454A6BAE-5F8A-461A-B8C3-5AAA531006F3}.Debug|Win32.ActiveCfg = Debug|Win32
		{454A6BAE-5F8A-461A-B8C3-5AAA531006F3}.Debug|Win32.Build.0 = Debug|Win32
		{454A6BAE-5F8A-461A-B8C3-5AAA531006F3}.Release.dynamic|Win32.ActiveCfg = Release.dynamic|Win32
		{454A6BAE-5F8A-461A-B8C3-5AAA531006F3}.Release.dynamic|Win32.Build.0 = Release.dynamic|Win32
		{454A6BAE-5F8A-461A-B8C3-5AAA531006F3}.Release.static|Win32.ActiveCfg = Release|Win32
		{454A6BAE-5F8A-461A-B8C3-5AAA531006F3}.Release.static|Win32.Build.0 = Release|Win32
	EndGlobalSection
	GlobalSection(SolutionProperties) = preSolution
		HideSolutionNode = FALSE
	EndGlobalSection
EndGlobal
